// !$*UTF8*$!
{
	archiveVersion = 1;
	classes = {
	};
	objectVersion = 54;
	objects = {

/* Begin PBXBuildFile section */
		0A228A9D29DE0D2F000D7D10 /* FlipperShortcuts.swift in Sources */ = {isa = PBXBuildFile; fileRef = 0A228A9C29DE0D2F000D7D10 /* FlipperShortcuts.swift */; };
		0AD5C05D29D9A04E00E0F97E /* ArchivedItemEntity.swift in Sources */ = {isa = PBXBuildFile; fileRef = 0AD5C05B29D9A04E00E0F97E /* ArchivedItemEntity.swift */; };
		0AD5C05E29D9A04E00E0F97E /* SendArchivedItem.swift in Sources */ = {isa = PBXBuildFile; fileRef = 0AD5C05C29D9A04E00E0F97E /* SendArchivedItem.swift */; };
		49CE8F9E25262E2300B9CBE4 /* LaunchScreen.storyboard in Resources */ = {isa = PBXBuildFile; fileRef = 49CE8F9D25262E2300B9CBE4 /* LaunchScreen.storyboard */; };
		8B10BF4C29A77D53007FC0F3 /* BlackHole.swift in Sources */ = {isa = PBXBuildFile; fileRef = 8B10BF4B29A77D53007FC0F3 /* BlackHole.swift */; };
		8B1A481929C113A5000169E9 /* WidgetKit.framework in Frameworks */ = {isa = PBXBuildFile; fileRef = 8B1A481829C113A5000169E9 /* WidgetKit.framework */; };
		8B1A481B29C113A5000169E9 /* SwiftUI.framework in Frameworks */ = {isa = PBXBuildFile; fileRef = 8B1A481A29C113A5000169E9 /* SwiftUI.framework */; };
		8B1A481E29C113A5000169E9 /* Main.swift in Sources */ = {isa = PBXBuildFile; fileRef = 8B1A481D29C113A5000169E9 /* Main.swift */; };
		8B1A482029C113A5000169E9 /* LiveActivity.swift in Sources */ = {isa = PBXBuildFile; fileRef = 8B1A481F29C113A5000169E9 /* LiveActivity.swift */; };
		8B1A482229C113A5000169E9 /* ActivityWidget.swift in Sources */ = {isa = PBXBuildFile; fileRef = 8B1A482129C113A5000169E9 /* ActivityWidget.swift */; };
		8B1A482729C113A6000169E9 /* ActivityWidget.intentdefinition in Sources */ = {isa = PBXBuildFile; fileRef = 8B1A482329C113A5000169E9 /* ActivityWidget.intentdefinition */; };
		8B1A482829C113A6000169E9 /* ActivityWidget.intentdefinition in Sources */ = {isa = PBXBuildFile; fileRef = 8B1A482329C113A5000169E9 /* ActivityWidget.intentdefinition */; };
		8B1A482B29C113A6000169E9 /* ActivityWidget.appex in Embed Foundation Extensions */ = {isa = PBXBuildFile; fileRef = 8B1A481729C113A5000169E9 /* ActivityWidget.appex */; platformFilter = ios; settings = {ATTRIBUTES = (RemoveHeadersOnCopy, ); }; };
		8B1A483029C11AF8000169E9 /* Core in Frameworks */ = {isa = PBXBuildFile; productRef = 8B1A482F29C11AF8000169E9 /* Core */; };
		8B1BB6D429C1E67B008AE2A0 /* HaxrCorpNeue.ttf in Resources */ = {isa = PBXBuildFile; fileRef = 8BCE39EA289D47EA00FB5704 /* HaxrCorpNeue.ttf */; };
		8B1BB6D529C1E67B008AE2A0 /* Born2bSportyV2.ttf in Resources */ = {isa = PBXBuildFile; fileRef = 8B7480DD2807483500692304 /* Born2bSportyV2.ttf */; };
		8B1BB6D629C1E681008AE2A0 /* Assets.xcassets in Resources */ = {isa = PBXBuildFile; fileRef = F0DBFA1C24EF2F9900EB2880 /* Assets.xcassets */; };
		8B1BB6D829C1E725008AE2A0 /* UI in Frameworks */ = {isa = PBXBuildFile; productRef = 8B1BB6D729C1E725008AE2A0 /* UI */; };
		8B5B6C152B13FDAD00B76D83 /* AppDelegate.swift in Sources */ = {isa = PBXBuildFile; fileRef = 8B5B6C142B13FDAD00B76D83 /* AppDelegate.swift */; };
		8B5E986429E8235A0057B0D7 /* PlayAlert.swift in Sources */ = {isa = PBXBuildFile; fileRef = 8B5E986329E8235A0057B0D7 /* PlayAlert.swift */; };
		8B7064CC26E27429006CB4A8 /* UI in Frameworks */ = {isa = PBXBuildFile; productRef = 8B7064CB26E27429006CB4A8 /* UI */; };
		8B7480DE2807483500692304 /* Born2bSportyV2.ttf in Resources */ = {isa = PBXBuildFile; fileRef = 8B7480DD2807483500692304 /* Born2bSportyV2.ttf */; };
		8B77A9CD26CAA43300A3DF9F /* Core in Frameworks */ = {isa = PBXBuildFile; productRef = 8B77A9CC26CAA43300A3DF9F /* Core */; };
		8BA14F332B14A5DB0026B9E9 /* GoogleService-Info.plist in Resources */ = {isa = PBXBuildFile; fileRef = 8BA14F322B14A5DB0026B9E9 /* GoogleService-Info.plist */; };
		8BA57F1D273AD21D00A3A33B /* nfc.png in Resources */ = {isa = PBXBuildFile; fileRef = 8BA57F18273AD21D00A3A33B /* nfc.png */; };
		8BA57F1E273AD21D00A3A33B /* ibutton.png in Resources */ = {isa = PBXBuildFile; fileRef = 8BA57F19273AD21D00A3A33B /* ibutton.png */; };
		8BA57F1F273AD21D00A3A33B /* rfid.png in Resources */ = {isa = PBXBuildFile; fileRef = 8BA57F1A273AD21D00A3A33B /* rfid.png */; };
		8BA57F20273AD21D00A3A33B /* subhz.png in Resources */ = {isa = PBXBuildFile; fileRef = 8BA57F1B273AD21D00A3A33B /* subhz.png */; };
		8BA57F21273AD21D00A3A33B /* irda.png in Resources */ = {isa = PBXBuildFile; fileRef = 8BA57F1C273AD21D00A3A33B /* irda.png */; };
		8BB7DF2C29115FC3005C38C9 /* UI in Frameworks */ = {isa = PBXBuildFile; productRef = 8BB7DF2B29115FC3005C38C9 /* UI */; };
		8BB7DF2E29115FC7005C38C9 /* Core in Frameworks */ = {isa = PBXBuildFile; productRef = 8BB7DF2D29115FC7005C38C9 /* Core */; };
		8BB7DF3029119296005C38C9 /* Assets.xcassets in Resources */ = {isa = PBXBuildFile; fileRef = F0DBFA1C24EF2F9900EB2880 /* Assets.xcassets */; };
		8BB7DF3129119CED005C38C9 /* HaxrCorpNeue.ttf in Resources */ = {isa = PBXBuildFile; fileRef = 8BCE39EA289D47EA00FB5704 /* HaxrCorpNeue.ttf */; };
		8BB7DF3229119CED005C38C9 /* Born2bSportyV2.ttf in Resources */ = {isa = PBXBuildFile; fileRef = 8B7480DD2807483500692304 /* Born2bSportyV2.ttf */; };
		8BC7F2E02B2FA3CC002F66A5 /* LaunchScreenView.swift in Sources */ = {isa = PBXBuildFile; fileRef = 8BC7F2DF2B2FA3CC002F66A5 /* LaunchScreenView.swift */; };
		8BCB0168278F135C00DA66F5 /* Intents.intentdefinition in Sources */ = {isa = PBXBuildFile; fileRef = 8BCB0167278F135C00DA66F5 /* Intents.intentdefinition */; };
		8BCE39EB289D47EA00FB5704 /* HaxrCorpNeue.ttf in Resources */ = {isa = PBXBuildFile; fileRef = 8BCE39EA289D47EA00FB5704 /* HaxrCorpNeue.ttf */; };
		8BCFDDDF277A2405002DA4CD /* QuickLook.framework in Frameworks */ = {isa = PBXBuildFile; fileRef = 8BCFDDDE277A2405002DA4CD /* QuickLook.framework */; platformFilter = maccatalyst; };
		8BCFDDE2277A2405002DA4CD /* PreviewViewController.swift in Sources */ = {isa = PBXBuildFile; fileRef = 8BCFDDE1277A2405002DA4CD /* PreviewViewController.swift */; };
		8BCFDDE4277A2405002DA4CD /* PreviewProvider.swift in Sources */ = {isa = PBXBuildFile; fileRef = 8BCFDDE3277A2405002DA4CD /* PreviewProvider.swift */; };
		8BCFDDEB277A2405002DA4CD /* KeyPreview.appex in Embed Foundation Extensions */ = {isa = PBXBuildFile; fileRef = 8BCFDDDD277A2405002DA4CD /* KeyPreview.appex */; platformFilter = ios; settings = {ATTRIBUTES = (RemoveHeadersOnCopy, ); }; };
		8BF8025C2B0C14670083DF49 /* Notifications in Frameworks */ = {isa = PBXBuildFile; productRef = 8BF8025B2B0C14670083DF49 /* Notifications */; };
		8BF9CECA28E21A4400CD5D31 /* NotificationCenter.framework in Frameworks */ = {isa = PBXBuildFile; fileRef = 8BF9CEC928E21A4400CD5D31 /* NotificationCenter.framework */; };
		8BF9CECD28E21A4400CD5D31 /* TodayViewController.swift in Sources */ = {isa = PBXBuildFile; fileRef = 8BF9CECC28E21A4400CD5D31 /* TodayViewController.swift */; };
		8BF9CED428E21A4400CD5D31 /* TodayWidget.appex in Embed Foundation Extensions */ = {isa = PBXBuildFile; fileRef = 8BF9CEC828E21A4400CD5D31 /* TodayWidget.appex */; platformFilter = ios; settings = {ATTRIBUTES = (RemoveHeadersOnCopy, ); }; };
		F0DBFA4324EF2F9900EB2880 /* FlipperApp.swift in Sources */ = {isa = PBXBuildFile; fileRef = F0DBFA1A24EF2F9600EB2880 /* FlipperApp.swift */; };
		F0DBFA4724EF2F9900EB2880 /* Assets.xcassets in Resources */ = {isa = PBXBuildFile; fileRef = F0DBFA1C24EF2F9900EB2880 /* Assets.xcassets */; };
/* End PBXBuildFile section */

/* Begin PBXContainerItemProxy section */
		8B1A482929C113A6000169E9 /* PBXContainerItemProxy */ = {
			isa = PBXContainerItemProxy;
			containerPortal = F0DBFA1524EF2F9600EB2880 /* Project object */;
			proxyType = 1;
			remoteGlobalIDString = 8B1A481629C113A5000169E9;
			remoteInfo = ActivityWidgetExtension;
		};
		8BCFDDE9277A2405002DA4CD /* PBXContainerItemProxy */ = {
			isa = PBXContainerItemProxy;
			containerPortal = F0DBFA1524EF2F9600EB2880 /* Project object */;
			proxyType = 1;
			remoteGlobalIDString = 8BCFDDDC277A2405002DA4CD;
			remoteInfo = KeyPreview;
		};
		8BF9CED228E21A4400CD5D31 /* PBXContainerItemProxy */ = {
			isa = PBXContainerItemProxy;
			containerPortal = F0DBFA1524EF2F9600EB2880 /* Project object */;
			proxyType = 1;
			remoteGlobalIDString = 8BF9CEC728E21A4400CD5D31;
			remoteInfo = TodayWidget;
		};
/* End PBXContainerItemProxy section */

/* Begin PBXCopyFilesBuildPhase section */
		44A5B5B624F05FCE009EE7FB /* Embed Frameworks */ = {
			isa = PBXCopyFilesBuildPhase;
			buildActionMask = 2147483647;
			dstPath = "";
			dstSubfolderSpec = 10;
			files = (
			);
			name = "Embed Frameworks";
			runOnlyForDeploymentPostprocessing = 0;
		};
		8BCFDDEC277A2405002DA4CD /* Embed Foundation Extensions */ = {
			isa = PBXCopyFilesBuildPhase;
			buildActionMask = 2147483647;
			dstPath = "";
			dstSubfolderSpec = 13;
			files = (
				8BF9CED428E21A4400CD5D31 /* TodayWidget.appex in Embed Foundation Extensions */,
				8B1A482B29C113A6000169E9 /* ActivityWidget.appex in Embed Foundation Extensions */,
				8BCFDDEB277A2405002DA4CD /* KeyPreview.appex in Embed Foundation Extensions */,
			);
			name = "Embed Foundation Extensions";
			runOnlyForDeploymentPostprocessing = 0;
		};
/* End PBXCopyFilesBuildPhase section */

/* Begin PBXFileReference section */
		0A228A9C29DE0D2F000D7D10 /* FlipperShortcuts.swift */ = {isa = PBXFileReference; lastKnownFileType = sourcecode.swift; path = FlipperShortcuts.swift; sourceTree = "<group>"; };
		0AD5C05B29D9A04E00E0F97E /* ArchivedItemEntity.swift */ = {isa = PBXFileReference; fileEncoding = 4; lastKnownFileType = sourcecode.swift; path = ArchivedItemEntity.swift; sourceTree = "<group>"; };
		0AD5C05C29D9A04E00E0F97E /* SendArchivedItem.swift */ = {isa = PBXFileReference; fileEncoding = 4; lastKnownFileType = sourcecode.swift; path = SendArchivedItem.swift; sourceTree = "<group>"; };
		44A5B59224F05647009EE7FB /* iOS.entitlements */ = {isa = PBXFileReference; lastKnownFileType = text.plist.entitlements; path = iOS.entitlements; sourceTree = "<group>"; };
		49CE8F9D25262E2300B9CBE4 /* LaunchScreen.storyboard */ = {isa = PBXFileReference; lastKnownFileType = file.storyboard; path = LaunchScreen.storyboard; sourceTree = "<group>"; };
		8B10BF4B29A77D53007FC0F3 /* BlackHole.swift */ = {isa = PBXFileReference; fileEncoding = 4; lastKnownFileType = sourcecode.swift; path = BlackHole.swift; sourceTree = "<group>"; };
		8B1A481729C113A5000169E9 /* ActivityWidget.appex */ = {isa = PBXFileReference; explicitFileType = "wrapper.app-extension"; includeInIndex = 0; path = ActivityWidget.appex; sourceTree = BUILT_PRODUCTS_DIR; };
		8B1A481829C113A5000169E9 /* WidgetKit.framework */ = {isa = PBXFileReference; lastKnownFileType = wrapper.framework; name = WidgetKit.framework; path = System/Library/Frameworks/WidgetKit.framework; sourceTree = SDKROOT; };
		8B1A481A29C113A5000169E9 /* SwiftUI.framework */ = {isa = PBXFileReference; lastKnownFileType = wrapper.framework; name = SwiftUI.framework; path = System/Library/Frameworks/SwiftUI.framework; sourceTree = SDKROOT; };
		8B1A481D29C113A5000169E9 /* Main.swift */ = {isa = PBXFileReference; lastKnownFileType = sourcecode.swift; path = Main.swift; sourceTree = "<group>"; };
		8B1A481F29C113A5000169E9 /* LiveActivity.swift */ = {isa = PBXFileReference; lastKnownFileType = sourcecode.swift; path = LiveActivity.swift; sourceTree = "<group>"; };
		8B1A482129C113A5000169E9 /* ActivityWidget.swift */ = {isa = PBXFileReference; lastKnownFileType = sourcecode.swift; path = ActivityWidget.swift; sourceTree = "<group>"; };
		8B1A482329C113A5000169E9 /* ActivityWidget.intentdefinition */ = {isa = PBXFileReference; lastKnownFileType = file.intentdefinition; path = ActivityWidget.intentdefinition; sourceTree = "<group>"; };
		8B1A482629C113A6000169E9 /* Info.plist */ = {isa = PBXFileReference; lastKnownFileType = text.plist.xml; path = Info.plist; sourceTree = "<group>"; };
		8B38AA5F289D6BD800A152F3 /* Analytics */ = {isa = PBXFileReference; lastKnownFileType = wrapper; name = Analytics; path = Packages/Analytics; sourceTree = "<group>"; };
		8B5B6C142B13FDAD00B76D83 /* AppDelegate.swift */ = {isa = PBXFileReference; lastKnownFileType = sourcecode.swift; path = AppDelegate.swift; sourceTree = "<group>"; };
		8B5E986329E8235A0057B0D7 /* PlayAlert.swift */ = {isa = PBXFileReference; lastKnownFileType = sourcecode.swift; path = PlayAlert.swift; sourceTree = "<group>"; };
		8B7480DD2807483500692304 /* Born2bSportyV2.ttf */ = {isa = PBXFileReference; lastKnownFileType = file; path = Born2bSportyV2.ttf; sourceTree = "<group>"; };
		8B7C52702A1A993800AD6D81 /* Catalog */ = {isa = PBXFileReference; lastKnownFileType = wrapper; name = Catalog; path = Packages/Catalog; sourceTree = "<group>"; };
		8B82A62A2AD49D71007E9E67 /* Macro */ = {isa = PBXFileReference; lastKnownFileType = wrapper; name = Macro; path = Packages/Macro; sourceTree = "<group>"; };
		8B89527827581E7B00E4C336 /* UI */ = {isa = PBXFileReference; lastKnownFileType = wrapper; name = UI; path = Packages/UI; sourceTree = "<group>"; };
		8B89527A27581E9500E4C336 /* Core */ = {isa = PBXFileReference; lastKnownFileType = wrapper; name = Core; path = Packages/Core; sourceTree = "<group>"; };
		8BA14F322B14A5DB0026B9E9 /* GoogleService-Info.plist */ = {isa = PBXFileReference; fileEncoding = 4; lastKnownFileType = text.plist.xml; path = "GoogleService-Info.plist"; sourceTree = "<group>"; };
		8BA49B4B2902C86C00762ADF /* MFKey32v2 */ = {isa = PBXFileReference; lastKnownFileType = wrapper; name = MFKey32v2; path = Packages/MFKey32v2; sourceTree = "<group>"; };
		8BA57F18273AD21D00A3A33B /* nfc.png */ = {isa = PBXFileReference; lastKnownFileType = image.png; path = nfc.png; sourceTree = "<group>"; };
		8BA57F19273AD21D00A3A33B /* ibutton.png */ = {isa = PBXFileReference; lastKnownFileType = image.png; path = ibutton.png; sourceTree = "<group>"; };
		8BA57F1A273AD21D00A3A33B /* rfid.png */ = {isa = PBXFileReference; lastKnownFileType = image.png; path = rfid.png; sourceTree = "<group>"; };
		8BA57F1B273AD21D00A3A33B /* subhz.png */ = {isa = PBXFileReference; lastKnownFileType = image.png; path = subhz.png; sourceTree = "<group>"; };
		8BA57F1C273AD21D00A3A33B /* irda.png */ = {isa = PBXFileReference; lastKnownFileType = image.png; path = irda.png; sourceTree = "<group>"; };
		8BB226F02B61242A00468E73 /* .swiftlint.yml */ = {isa = PBXFileReference; lastKnownFileType = text.yaml; path = .swiftlint.yml; sourceTree = "<group>"; };
		8BB7DF2F2911922D005C38C9 /* TodayWidget.entitlements */ = {isa = PBXFileReference; lastKnownFileType = text.plist.entitlements; path = TodayWidget.entitlements; sourceTree = "<group>"; };
		8BC7F2DF2B2FA3CC002F66A5 /* LaunchScreenView.swift */ = {isa = PBXFileReference; lastKnownFileType = sourcecode.swift; path = LaunchScreenView.swift; sourceTree = "<group>"; };
		8BCB0167278F135C00DA66F5 /* Intents.intentdefinition */ = {isa = PBXFileReference; lastKnownFileType = file.intentdefinition; path = Intents.intentdefinition; sourceTree = "<group>"; };
		8BCE39EA289D47EA00FB5704 /* HaxrCorpNeue.ttf */ = {isa = PBXFileReference; lastKnownFileType = file; path = HaxrCorpNeue.ttf; sourceTree = "<group>"; };
		8BCFDDDD277A2405002DA4CD /* KeyPreview.appex */ = {isa = PBXFileReference; explicitFileType = "wrapper.app-extension"; includeInIndex = 0; path = KeyPreview.appex; sourceTree = BUILT_PRODUCTS_DIR; };
		8BCFDDDE277A2405002DA4CD /* QuickLook.framework */ = {isa = PBXFileReference; lastKnownFileType = wrapper.framework; name = QuickLook.framework; path = System/Library/Frameworks/QuickLook.framework; sourceTree = SDKROOT; };
		8BCFDDE1277A2405002DA4CD /* PreviewViewController.swift */ = {isa = PBXFileReference; lastKnownFileType = sourcecode.swift; path = PreviewViewController.swift; sourceTree = "<group>"; };
		8BCFDDE3277A2405002DA4CD /* PreviewProvider.swift */ = {isa = PBXFileReference; lastKnownFileType = sourcecode.swift; path = PreviewProvider.swift; sourceTree = "<group>"; };
		8BCFDDE8277A2405002DA4CD /* Info.plist */ = {isa = PBXFileReference; lastKnownFileType = text.plist.xml; path = Info.plist; sourceTree = "<group>"; };
		8BE40CF627F1266D00288F66 /* Peripheral */ = {isa = PBXFileReference; lastKnownFileType = wrapper; name = Peripheral; path = Packages/Peripheral; sourceTree = "<group>"; };
		8BED6143270B66D8009E51E2 /* perform_lint.sh */ = {isa = PBXFileReference; lastKnownFileType = text.script.sh; path = perform_lint.sh; sourceTree = "<group>"; };
		8BF074E329C2500700DC688B /* ActivityWidget.entitlements */ = {isa = PBXFileReference; lastKnownFileType = text.plist.entitlements; path = ActivityWidget.entitlements; sourceTree = "<group>"; };
		8BF8025A2B0C12C10083DF49 /* Notifications */ = {isa = PBXFileReference; lastKnownFileType = wrapper; name = Notifications; path = Packages/Notifications; sourceTree = "<group>"; };
		8BF9CEC828E21A4400CD5D31 /* TodayWidget.appex */ = {isa = PBXFileReference; explicitFileType = "wrapper.app-extension"; includeInIndex = 0; path = TodayWidget.appex; sourceTree = BUILT_PRODUCTS_DIR; };
		8BF9CEC928E21A4400CD5D31 /* NotificationCenter.framework */ = {isa = PBXFileReference; lastKnownFileType = wrapper.framework; name = NotificationCenter.framework; path = System/Library/Frameworks/NotificationCenter.framework; sourceTree = SDKROOT; };
		8BF9CECC28E21A4400CD5D31 /* TodayViewController.swift */ = {isa = PBXFileReference; lastKnownFileType = sourcecode.swift; path = TodayViewController.swift; sourceTree = "<group>"; };
		8BF9CED128E21A4400CD5D31 /* Info.plist */ = {isa = PBXFileReference; lastKnownFileType = text.plist.xml; path = Info.plist; sourceTree = "<group>"; };
		F0DBFA1A24EF2F9600EB2880 /* FlipperApp.swift */ = {isa = PBXFileReference; lastKnownFileType = sourcecode.swift; path = FlipperApp.swift; sourceTree = "<group>"; };
		F0DBFA1C24EF2F9900EB2880 /* Assets.xcassets */ = {isa = PBXFileReference; lastKnownFileType = folder.assetcatalog; path = Assets.xcassets; sourceTree = "<group>"; };
		F0DBFA2124EF2F9900EB2880 /* Flipper.app */ = {isa = PBXFileReference; explicitFileType = wrapper.application; includeInIndex = 0; path = Flipper.app; sourceTree = BUILT_PRODUCTS_DIR; };
		F0DBFA2424EF2F9900EB2880 /* Info.plist */ = {isa = PBXFileReference; lastKnownFileType = text.plist.xml; path = Info.plist; sourceTree = "<group>"; };
/* End PBXFileReference section */

/* Begin PBXFrameworksBuildPhase section */
		8B1A481429C113A5000169E9 /* Frameworks */ = {
			isa = PBXFrameworksBuildPhase;
			buildActionMask = 2147483647;
			files = (
				8B1BB6D829C1E725008AE2A0 /* UI in Frameworks */,
				8B1A483029C11AF8000169E9 /* Core in Frameworks */,
				8B1A481B29C113A5000169E9 /* SwiftUI.framework in Frameworks */,
				8B1A481929C113A5000169E9 /* WidgetKit.framework in Frameworks */,
			);
			runOnlyForDeploymentPostprocessing = 0;
		};
		8BCFDDDA277A2405002DA4CD /* Frameworks */ = {
			isa = PBXFrameworksBuildPhase;
			buildActionMask = 2147483647;
			files = (
				8BCFDDDF277A2405002DA4CD /* QuickLook.framework in Frameworks */,
			);
			runOnlyForDeploymentPostprocessing = 0;
		};
		8BF9CEC528E21A4400CD5D31 /* Frameworks */ = {
			isa = PBXFrameworksBuildPhase;
			buildActionMask = 2147483647;
			files = (
				8BB7DF2C29115FC3005C38C9 /* UI in Frameworks */,
				8BB7DF2E29115FC7005C38C9 /* Core in Frameworks */,
				8BF9CECA28E21A4400CD5D31 /* NotificationCenter.framework in Frameworks */,
			);
			runOnlyForDeploymentPostprocessing = 0;
		};
		F0DBFA1E24EF2F9900EB2880 /* Frameworks */ = {
			isa = PBXFrameworksBuildPhase;
			buildActionMask = 2147483647;
			files = (
				8B7064CC26E27429006CB4A8 /* UI in Frameworks */,
				8BF8025C2B0C14670083DF49 /* Notifications in Frameworks */,
				8B77A9CD26CAA43300A3DF9F /* Core in Frameworks */,
			);
			runOnlyForDeploymentPostprocessing = 0;
		};
/* End PBXFrameworksBuildPhase section */

/* Begin PBXGroup section */
		0AD5C05A29D9A02300E0F97E /* AppIntents */ = {
			isa = PBXGroup;
			children = (
				8B5E986329E8235A0057B0D7 /* PlayAlert.swift */,
				0AD5C05B29D9A04E00E0F97E /* ArchivedItemEntity.swift */,
				0AD5C05C29D9A04E00E0F97E /* SendArchivedItem.swift */,
				0A228A9C29DE0D2F000D7D10 /* FlipperShortcuts.swift */,
			);
			path = AppIntents;
			sourceTree = "<group>";
		};
		44A5B5B124F05FCE009EE7FB /* Frameworks */ = {
			isa = PBXGroup;
			children = (
				8BCFDDDE277A2405002DA4CD /* QuickLook.framework */,
				8BF9CEC928E21A4400CD5D31 /* NotificationCenter.framework */,
				8B1A481829C113A5000169E9 /* WidgetKit.framework */,
				8B1A481A29C113A5000169E9 /* SwiftUI.framework */,
			);
			name = Frameworks;
			sourceTree = "<group>";
		};
		8B1A481C29C113A5000169E9 /* ActivityWidget */ = {
			isa = PBXGroup;
			children = (
				8BF074E329C2500700DC688B /* ActivityWidget.entitlements */,
				8B1A481D29C113A5000169E9 /* Main.swift */,
				8B1A481F29C113A5000169E9 /* LiveActivity.swift */,
				8B1A482129C113A5000169E9 /* ActivityWidget.swift */,
				8B1A482329C113A5000169E9 /* ActivityWidget.intentdefinition */,
				8B1A482629C113A6000169E9 /* Info.plist */,
			);
			path = ActivityWidget;
			sourceTree = "<group>";
		};
		8B7480D42807474900692304 /* Fonts */ = {
			isa = PBXGroup;
			children = (
				8BCE39EA289D47EA00FB5704 /* HaxrCorpNeue.ttf */,
				8B7480DD2807483500692304 /* Born2bSportyV2.ttf */,
			);
			path = Fonts;
			sourceTree = "<group>";
		};
		8B77A9C626CAA3BA00A3DF9F /* Packages */ = {
			isa = PBXGroup;
			children = (
				8BF8025A2B0C12C10083DF49 /* Notifications */,
				8B82A62A2AD49D71007E9E67 /* Macro */,
				8B38AA5F289D6BD800A152F3 /* Analytics */,
				8BE40CF627F1266D00288F66 /* Peripheral */,
				8BA49B4B2902C86C00762ADF /* MFKey32v2 */,
				8B89527A27581E9500E4C336 /* Core */,
				8B89527827581E7B00E4C336 /* UI */,
				8B7C52702A1A993800AD6D81 /* Catalog */,
			);
			name = Packages;
			sourceTree = "<group>";
		};
		8BA57ED9273AA05900A3A33B /* FileIcons */ = {
			isa = PBXGroup;
			children = (
				8BA57F19273AD21D00A3A33B /* ibutton.png */,
				8BA57F1C273AD21D00A3A33B /* irda.png */,
				8BA57F18273AD21D00A3A33B /* nfc.png */,
				8BA57F1A273AD21D00A3A33B /* rfid.png */,
				8BA57F1B273AD21D00A3A33B /* subhz.png */,
			);
			path = FileIcons;
			sourceTree = "<group>";
		};
		8BCFDDE0277A2405002DA4CD /* KeyPreview */ = {
			isa = PBXGroup;
			children = (
				8BCFDDE1277A2405002DA4CD /* PreviewViewController.swift */,
				8BCFDDE3277A2405002DA4CD /* PreviewProvider.swift */,
				8BCFDDE8277A2405002DA4CD /* Info.plist */,
			);
			path = KeyPreview;
			sourceTree = "<group>";
		};
		8BED6139270B617B009E51E2 /* SwiftLint */ = {
			isa = PBXGroup;
			children = (
				8BB226F02B61242A00468E73 /* .swiftlint.yml */,
				8BED6143270B66D8009E51E2 /* perform_lint.sh */,
			);
			name = SwiftLint;
			sourceTree = "<group>";
		};
		8BF9CECB28E21A4400CD5D31 /* TodayWidget */ = {
			isa = PBXGroup;
			children = (
				8BB7DF2F2911922D005C38C9 /* TodayWidget.entitlements */,
				8B10BF4B29A77D53007FC0F3 /* BlackHole.swift */,
				8BF9CECC28E21A4400CD5D31 /* TodayViewController.swift */,
				8BF9CED128E21A4400CD5D31 /* Info.plist */,
			);
			path = TodayWidget;
			sourceTree = "<group>";
		};
		F0DBFA1424EF2F9600EB2880 = {
			isa = PBXGroup;
			children = (
				8B77A9C626CAA3BA00A3DF9F /* Packages */,
				F0DBFA2324EF2F9900EB2880 /* iOS */,
				F0DBFA1924EF2F9600EB2880 /* Shared */,
				8BED6139270B617B009E51E2 /* SwiftLint */,
				8BCFDDE0277A2405002DA4CD /* KeyPreview */,
				8BF9CECB28E21A4400CD5D31 /* TodayWidget */,
				8B1A481C29C113A5000169E9 /* ActivityWidget */,
				0AD5C05A29D9A02300E0F97E /* AppIntents */,
				F0DBFA2224EF2F9900EB2880 /* Products */,
				44A5B5B124F05FCE009EE7FB /* Frameworks */,
			);
			sourceTree = "<group>";
		};
		F0DBFA1924EF2F9600EB2880 /* Shared */ = {
			isa = PBXGroup;
			children = (
				8B7480D42807474900692304 /* Fonts */,
				F0DBFA1A24EF2F9600EB2880 /* FlipperApp.swift */,
				8B5B6C142B13FDAD00B76D83 /* AppDelegate.swift */,
				8BC7F2DF2B2FA3CC002F66A5 /* LaunchScreenView.swift */,
				8BA14F322B14A5DB0026B9E9 /* GoogleService-Info.plist */,
				F0DBFA1C24EF2F9900EB2880 /* Assets.xcassets */,
			);
			path = Shared;
			sourceTree = "<group>";
		};
		F0DBFA2224EF2F9900EB2880 /* Products */ = {
			isa = PBXGroup;
			children = (
				F0DBFA2124EF2F9900EB2880 /* Flipper.app */,
				8BCFDDDD277A2405002DA4CD /* KeyPreview.appex */,
				8BF9CEC828E21A4400CD5D31 /* TodayWidget.appex */,
				8B1A481729C113A5000169E9 /* ActivityWidget.appex */,
			);
			name = Products;
			sourceTree = "<group>";
		};
		F0DBFA2324EF2F9900EB2880 /* iOS */ = {
			isa = PBXGroup;
			children = (
				8BA57ED9273AA05900A3A33B /* FileIcons */,
				F0DBFA2424EF2F9900EB2880 /* Info.plist */,
				44A5B59224F05647009EE7FB /* iOS.entitlements */,
				49CE8F9D25262E2300B9CBE4 /* LaunchScreen.storyboard */,
				8BCB0167278F135C00DA66F5 /* Intents.intentdefinition */,
			);
			path = iOS;
			sourceTree = "<group>";
		};
/* End PBXGroup section */

/* Begin PBXNativeTarget section */
		8B1A481629C113A5000169E9 /* ActivityWidget */ = {
			isa = PBXNativeTarget;
			buildConfigurationList = 8B1A482E29C113A6000169E9 /* Build configuration list for PBXNativeTarget "ActivityWidget" */;
			buildPhases = (
				8B1A481329C113A5000169E9 /* Sources */,
				8B1A481429C113A5000169E9 /* Frameworks */,
				8B1A481529C113A5000169E9 /* Resources */,
			);
			buildRules = (
			);
			dependencies = (
			);
			name = ActivityWidget;
			packageProductDependencies = (
				8B1A482F29C11AF8000169E9 /* Core */,
				8B1BB6D729C1E725008AE2A0 /* UI */,
			);
			productName = ActivityWidgetExtension;
			productReference = 8B1A481729C113A5000169E9 /* ActivityWidget.appex */;
			productType = "com.apple.product-type.app-extension";
		};
		8BCFDDDC277A2405002DA4CD /* KeyPreview */ = {
			isa = PBXNativeTarget;
			buildConfigurationList = 8BCFDDEF277A2405002DA4CD /* Build configuration list for PBXNativeTarget "KeyPreview" */;
			buildPhases = (
				8BCFDDD9277A2405002DA4CD /* Sources */,
				8BCFDDDA277A2405002DA4CD /* Frameworks */,
				8BCFDDDB277A2405002DA4CD /* Resources */,
			);
			buildRules = (
			);
			dependencies = (
			);
			name = KeyPreview;
			productName = KeyPreview;
			productReference = 8BCFDDDD277A2405002DA4CD /* KeyPreview.appex */;
			productType = "com.apple.product-type.app-extension";
		};
		8BF9CEC728E21A4400CD5D31 /* TodayWidget */ = {
			isa = PBXNativeTarget;
			buildConfigurationList = 8BF9CED728E21A4400CD5D31 /* Build configuration list for PBXNativeTarget "TodayWidget" */;
			buildPhases = (
				8BF9CEC428E21A4400CD5D31 /* Sources */,
				8BF9CEC528E21A4400CD5D31 /* Frameworks */,
				8BF9CEC628E21A4400CD5D31 /* Resources */,
			);
			buildRules = (
			);
			dependencies = (
			);
			name = TodayWidget;
			packageProductDependencies = (
				8BB7DF2B29115FC3005C38C9 /* UI */,
				8BB7DF2D29115FC7005C38C9 /* Core */,
			);
			productName = TodayWidget;
			productReference = 8BF9CEC828E21A4400CD5D31 /* TodayWidget.appex */;
			productType = "com.apple.product-type.app-extension";
		};
		F0DBFA2024EF2F9900EB2880 /* Flipper(iOS) */ = {
			isa = PBXNativeTarget;
			buildConfigurationList = F0DBFA4B24EF2F9900EB2880 /* Build configuration list for PBXNativeTarget "Flipper(iOS)" */;
			buildPhases = (
				49CE8F942525E73200B9CBE4 /* Check code with SwiftLint */,
				8BE9EF8C2BB31B7900FC82E2 /* Clear .XCInstall */,
				F0DBFA1D24EF2F9900EB2880 /* Sources */,
				F0DBFA1E24EF2F9900EB2880 /* Frameworks */,
				F0DBFA1F24EF2F9900EB2880 /* Resources */,
				44A5B5B624F05FCE009EE7FB /* Embed Frameworks */,
				8BCFDDEC277A2405002DA4CD /* Embed Foundation Extensions */,
			);
			buildRules = (
			);
			dependencies = (
				8BCFDDEA277A2405002DA4CD /* PBXTargetDependency */,
				8BF9CED328E21A4400CD5D31 /* PBXTargetDependency */,
				8B1A482A29C113A6000169E9 /* PBXTargetDependency */,
			);
			name = "Flipper(iOS)";
			packageProductDependencies = (
				8B77A9CC26CAA43300A3DF9F /* Core */,
				8B7064CB26E27429006CB4A8 /* UI */,
				8BF8025B2B0C14670083DF49 /* Notifications */,
			);
			productName = "Flipper (iOS)";
			productReference = F0DBFA2124EF2F9900EB2880 /* Flipper.app */;
			productType = "com.apple.product-type.application";
		};
/* End PBXNativeTarget section */

/* Begin PBXProject section */
		F0DBFA1524EF2F9600EB2880 /* Project object */ = {
			isa = PBXProject;
			attributes = {
				BuildIndependentTargetsInParallel = YES;
				LastSwiftUpdateCheck = 1430;
				LastUpgradeCheck = 1520;
				TargetAttributes = {
					8B1A481629C113A5000169E9 = {
						CreatedOnToolsVersion = 14.3;
					};
					8BCFDDDC277A2405002DA4CD = {
						CreatedOnToolsVersion = 13.2;
					};
					8BF9CEC728E21A4400CD5D31 = {
						CreatedOnToolsVersion = 11.7;
					};
					F0DBFA2024EF2F9900EB2880 = {
						CreatedOnToolsVersion = 12.0;
					};
				};
			};
			buildConfigurationList = F0DBFA1824EF2F9600EB2880 /* Build configuration list for PBXProject "Flipper" */;
			compatibilityVersion = "Xcode 9.3";
			developmentRegion = en;
			hasScannedForEncodings = 0;
			knownRegions = (
				en,
			);
			mainGroup = F0DBFA1424EF2F9600EB2880;
			productRefGroup = F0DBFA2224EF2F9900EB2880 /* Products */;
			projectDirPath = "";
			projectRoot = "";
			targets = (
				F0DBFA2024EF2F9900EB2880 /* Flipper(iOS) */,
				8BCFDDDC277A2405002DA4CD /* KeyPreview */,
				8BF9CEC728E21A4400CD5D31 /* TodayWidget */,
				8B1A481629C113A5000169E9 /* ActivityWidget */,
			);
		};
/* End PBXProject section */

/* Begin PBXResourcesBuildPhase section */
		8B1A481529C113A5000169E9 /* Resources */ = {
			isa = PBXResourcesBuildPhase;
			buildActionMask = 2147483647;
			files = (
				8B1BB6D629C1E681008AE2A0 /* Assets.xcassets in Resources */,
				8B1BB6D429C1E67B008AE2A0 /* HaxrCorpNeue.ttf in Resources */,
				8B1BB6D529C1E67B008AE2A0 /* Born2bSportyV2.ttf in Resources */,
			);
			runOnlyForDeploymentPostprocessing = 0;
		};
		8BCFDDDB277A2405002DA4CD /* Resources */ = {
			isa = PBXResourcesBuildPhase;
			buildActionMask = 2147483647;
			files = (
			);
			runOnlyForDeploymentPostprocessing = 0;
		};
		8BF9CEC628E21A4400CD5D31 /* Resources */ = {
			isa = PBXResourcesBuildPhase;
			buildActionMask = 2147483647;
			files = (
				8BB7DF3129119CED005C38C9 /* HaxrCorpNeue.ttf in Resources */,
				8BB7DF3229119CED005C38C9 /* Born2bSportyV2.ttf in Resources */,
				8BB7DF3029119296005C38C9 /* Assets.xcassets in Resources */,
			);
			runOnlyForDeploymentPostprocessing = 0;
		};
		F0DBFA1F24EF2F9900EB2880 /* Resources */ = {
			isa = PBXResourcesBuildPhase;
			buildActionMask = 2147483647;
			files = (
				8B7480DE2807483500692304 /* Born2bSportyV2.ttf in Resources */,
				8BCE39EB289D47EA00FB5704 /* HaxrCorpNeue.ttf in Resources */,
				8BA57F20273AD21D00A3A33B /* subhz.png in Resources */,
				8BA57F1F273AD21D00A3A33B /* rfid.png in Resources */,
				8BA57F21273AD21D00A3A33B /* irda.png in Resources */,
				8BA57F1E273AD21D00A3A33B /* ibutton.png in Resources */,
				49CE8F9E25262E2300B9CBE4 /* LaunchScreen.storyboard in Resources */,
				8BA14F332B14A5DB0026B9E9 /* GoogleService-Info.plist in Resources */,
				8BA57F1D273AD21D00A3A33B /* nfc.png in Resources */,
				F0DBFA4724EF2F9900EB2880 /* Assets.xcassets in Resources */,
			);
			runOnlyForDeploymentPostprocessing = 0;
		};
/* End PBXResourcesBuildPhase section */

/* Begin PBXShellScriptBuildPhase section */
		49CE8F942525E73200B9CBE4 /* Check code with SwiftLint */ = {
			isa = PBXShellScriptBuildPhase;
			alwaysOutOfDate = 1;
			buildActionMask = 12;
			files = (
			);
			inputFileListPaths = (
			);
			inputPaths = (
			);
			name = "Check code with SwiftLint";
			outputFileListPaths = (
			);
			outputPaths = (
			);
			runOnlyForDeploymentPostprocessing = 0;
			shellPath = /bin/sh;
			shellScript = "# Initiate lint\n${PROJECT_DIR}/perform_lint.sh\n";
		};
		8BE9EF8C2BB31B7900FC82E2 /* Clear .XCInstall */ = {
			isa = PBXShellScriptBuildPhase;
			alwaysOutOfDate = 1;
			buildActionMask = 12;
			files = (
			);
			inputFileListPaths = (
			);
			inputPaths = (
			);
			name = "Clear .XCInstall";
			outputFileListPaths = (
			);
			outputPaths = (
			);
			runOnlyForDeploymentPostprocessing = 0;
			shellPath = /bin/sh;
			shellScript = "rm -rf $TARGET_BUILD_DIR/.XCInstall/*\n";
		};
/* End PBXShellScriptBuildPhase section */

/* Begin PBXSourcesBuildPhase section */
		8B1A481329C113A5000169E9 /* Sources */ = {
			isa = PBXSourcesBuildPhase;
			buildActionMask = 2147483647;
			files = (
				8B1A482229C113A5000169E9 /* ActivityWidget.swift in Sources */,
				8B1A482729C113A6000169E9 /* ActivityWidget.intentdefinition in Sources */,
				8B1A482029C113A5000169E9 /* LiveActivity.swift in Sources */,
				8B1A481E29C113A5000169E9 /* Main.swift in Sources */,
			);
			runOnlyForDeploymentPostprocessing = 0;
		};
		8BCFDDD9277A2405002DA4CD /* Sources */ = {
			isa = PBXSourcesBuildPhase;
			buildActionMask = 2147483647;
			files = (
				8BCFDDE2277A2405002DA4CD /* PreviewViewController.swift in Sources */,
				8BCFDDE4277A2405002DA4CD /* PreviewProvider.swift in Sources */,
			);
			runOnlyForDeploymentPostprocessing = 0;
		};
		8BF9CEC428E21A4400CD5D31 /* Sources */ = {
			isa = PBXSourcesBuildPhase;
			buildActionMask = 2147483647;
			files = (
				8BF9CECD28E21A4400CD5D31 /* TodayViewController.swift in Sources */,
				8B10BF4C29A77D53007FC0F3 /* BlackHole.swift in Sources */,
			);
			runOnlyForDeploymentPostprocessing = 0;
		};
		F0DBFA1D24EF2F9900EB2880 /* Sources */ = {
			isa = PBXSourcesBuildPhase;
			buildActionMask = 2147483647;
			files = (
				8B5B6C152B13FDAD00B76D83 /* AppDelegate.swift in Sources */,
				8BCB0168278F135C00DA66F5 /* Intents.intentdefinition in Sources */,
				0AD5C05D29D9A04E00E0F97E /* ArchivedItemEntity.swift in Sources */,
				8B1A482829C113A6000169E9 /* ActivityWidget.intentdefinition in Sources */,
				8B5E986429E8235A0057B0D7 /* PlayAlert.swift in Sources */,
				F0DBFA4324EF2F9900EB2880 /* FlipperApp.swift in Sources */,
				0A228A9D29DE0D2F000D7D10 /* FlipperShortcuts.swift in Sources */,
				0AD5C05E29D9A04E00E0F97E /* SendArchivedItem.swift in Sources */,
				8BC7F2E02B2FA3CC002F66A5 /* LaunchScreenView.swift in Sources */,
			);
			runOnlyForDeploymentPostprocessing = 0;
		};
/* End PBXSourcesBuildPhase section */

/* Begin PBXTargetDependency section */
		8B1A482A29C113A6000169E9 /* PBXTargetDependency */ = {
			isa = PBXTargetDependency;
			platformFilter = ios;
			target = 8B1A481629C113A5000169E9 /* ActivityWidget */;
			targetProxy = 8B1A482929C113A6000169E9 /* PBXContainerItemProxy */;
		};
		8BCFDDEA277A2405002DA4CD /* PBXTargetDependency */ = {
			isa = PBXTargetDependency;
			platformFilter = ios;
			target = 8BCFDDDC277A2405002DA4CD /* KeyPreview */;
			targetProxy = 8BCFDDE9277A2405002DA4CD /* PBXContainerItemProxy */;
		};
		8BF9CED328E21A4400CD5D31 /* PBXTargetDependency */ = {
			isa = PBXTargetDependency;
			platformFilter = ios;
			target = 8BF9CEC728E21A4400CD5D31 /* TodayWidget */;
			targetProxy = 8BF9CED228E21A4400CD5D31 /* PBXContainerItemProxy */;
		};
/* End PBXTargetDependency section */

/* Begin XCBuildConfiguration section */
		8B1A482C29C113A6000169E9 /* Debug */ = {
			isa = XCBuildConfiguration;
			buildSettings = {
				ASSETCATALOG_COMPILER_GLOBAL_ACCENT_COLOR_NAME = AccentColor;
				ASSETCATALOG_COMPILER_WIDGET_BACKGROUND_COLOR_NAME = WidgetBackground;
				CLANG_CXX_LANGUAGE_STANDARD = "gnu++20";
				CODE_SIGN_ENTITLEMENTS = ActivityWidget/ActivityWidget.entitlements;
				CODE_SIGN_IDENTITY = "Apple Development";
				CODE_SIGN_STYLE = Automatic;
				CURRENT_PROJECT_VERSION = 0;
				DEVELOPMENT_TEAM = SXH69675TZ;
				GENERATE_INFOPLIST_FILE = YES;
				INFOPLIST_FILE = ActivityWidget/Info.plist;
				INFOPLIST_KEY_CFBundleDisplayName = ActivityWidget;
				INFOPLIST_KEY_NSHumanReadableCopyright = "";
				LD_RUNPATH_SEARCH_PATHS = (
					"$(inherited)",
					"@executable_path/Frameworks",
					"@executable_path/../../Frameworks",
				);
				MARKETING_VERSION = 1.6.8;
				PRODUCT_BUNDLE_IDENTIFIER = com.flipperdevices.main.LiveActivity;
				PRODUCT_NAME = "$(TARGET_NAME)";
				PROVISIONING_PROFILE_SPECIFIER = "";
				SDKROOT = iphoneos;
				SKIP_INSTALL = YES;
				SUPPORTED_PLATFORMS = "iphoneos iphonesimulator";
				SUPPORTS_MACCATALYST = NO;
				SUPPORTS_MAC_DESIGNED_FOR_IPHONE_IPAD = NO;
				SUPPORTS_XR_DESIGNED_FOR_IPHONE_IPAD = NO;
				SWIFT_EMIT_LOC_STRINGS = YES;
				SWIFT_VERSION = 5.0;
				TARGETED_DEVICE_FAMILY = 1;
			};
			name = Debug;
		};
		8B1A482D29C113A6000169E9 /* Release */ = {
			isa = XCBuildConfiguration;
			buildSettings = {
				ASSETCATALOG_COMPILER_GLOBAL_ACCENT_COLOR_NAME = AccentColor;
				ASSETCATALOG_COMPILER_WIDGET_BACKGROUND_COLOR_NAME = WidgetBackground;
				CLANG_CXX_LANGUAGE_STANDARD = "gnu++20";
				CODE_SIGN_ENTITLEMENTS = ActivityWidget/ActivityWidget.entitlements;
				CODE_SIGN_IDENTITY = "Apple Development";
				CODE_SIGN_STYLE = Automatic;
				CURRENT_PROJECT_VERSION = 0;
				DEVELOPMENT_TEAM = SXH69675TZ;
				GENERATE_INFOPLIST_FILE = YES;
				INFOPLIST_FILE = ActivityWidget/Info.plist;
				INFOPLIST_KEY_CFBundleDisplayName = ActivityWidget;
				INFOPLIST_KEY_NSHumanReadableCopyright = "";
				LD_RUNPATH_SEARCH_PATHS = (
					"$(inherited)",
					"@executable_path/Frameworks",
					"@executable_path/../../Frameworks",
				);
				MARKETING_VERSION = 1.6.8;
				PRODUCT_BUNDLE_IDENTIFIER = com.flipperdevices.main.LiveActivity;
				PRODUCT_NAME = "$(TARGET_NAME)";
				PROVISIONING_PROFILE_SPECIFIER = "";
				SDKROOT = iphoneos;
				SKIP_INSTALL = YES;
				SUPPORTED_PLATFORMS = "iphoneos iphonesimulator";
				SUPPORTS_MACCATALYST = NO;
				SUPPORTS_MAC_DESIGNED_FOR_IPHONE_IPAD = NO;
				SUPPORTS_XR_DESIGNED_FOR_IPHONE_IPAD = NO;
				SWIFT_EMIT_LOC_STRINGS = YES;
				SWIFT_VERSION = 5.0;
				TARGETED_DEVICE_FAMILY = 1;
				VALIDATE_PRODUCT = YES;
			};
			name = Release;
		};
		8BCFDDED277A2405002DA4CD /* Debug */ = {
			isa = XCBuildConfiguration;
			buildSettings = {
				CLANG_CXX_LANGUAGE_STANDARD = "gnu++17";
				CODE_SIGN_STYLE = Automatic;
				CURRENT_PROJECT_VERSION = 0;
				DEVELOPMENT_TEAM = SXH69675TZ;
				GENERATE_INFOPLIST_FILE = YES;
				INFOPLIST_FILE = KeyPreview/Info.plist;
				INFOPLIST_KEY_CFBundleDisplayName = KeyPreview;
				INFOPLIST_KEY_NSHumanReadableCopyright = "";
				LD_RUNPATH_SEARCH_PATHS = (
					"$(inherited)",
					"@executable_path/Frameworks",
					"@executable_path/../../Frameworks",
				);
				MARKETING_VERSION = 1.6.8;
				PRODUCT_BUNDLE_IDENTIFIER = com.flipperdevices.main.KeyPreview;
				PRODUCT_NAME = "$(TARGET_NAME)";
				SDKROOT = iphoneos;
				SKIP_INSTALL = YES;
				SUPPORTED_PLATFORMS = "iphoneos iphonesimulator macosx";
				SUPPORTS_MACCATALYST = NO;
				SUPPORTS_MAC_DESIGNED_FOR_IPHONE_IPAD = NO;
				SUPPORTS_XR_DESIGNED_FOR_IPHONE_IPAD = NO;
				SWIFT_EMIT_LOC_STRINGS = YES;
				SWIFT_VERSION = 5.0;
				TARGETED_DEVICE_FAMILY = 1;
			};
			name = Debug;
		};
		8BCFDDEE277A2405002DA4CD /* Release */ = {
			isa = XCBuildConfiguration;
			buildSettings = {
				CLANG_CXX_LANGUAGE_STANDARD = "gnu++17";
				CODE_SIGN_STYLE = Automatic;
				CURRENT_PROJECT_VERSION = 0;
				DEVELOPMENT_TEAM = SXH69675TZ;
				GENERATE_INFOPLIST_FILE = YES;
				INFOPLIST_FILE = KeyPreview/Info.plist;
				INFOPLIST_KEY_CFBundleDisplayName = KeyPreview;
				INFOPLIST_KEY_NSHumanReadableCopyright = "";
				LD_RUNPATH_SEARCH_PATHS = (
					"$(inherited)",
					"@executable_path/Frameworks",
					"@executable_path/../../Frameworks",
				);
				MARKETING_VERSION = 1.6.8;
				PRODUCT_BUNDLE_IDENTIFIER = com.flipperdevices.main.KeyPreview;
				PRODUCT_NAME = "$(TARGET_NAME)";
				SDKROOT = iphoneos;
				SKIP_INSTALL = YES;
				SUPPORTED_PLATFORMS = "iphoneos iphonesimulator macosx";
				SUPPORTS_MACCATALYST = NO;
				SUPPORTS_MAC_DESIGNED_FOR_IPHONE_IPAD = NO;
				SUPPORTS_XR_DESIGNED_FOR_IPHONE_IPAD = NO;
				SWIFT_EMIT_LOC_STRINGS = YES;
				SWIFT_VERSION = 5.0;
				TARGETED_DEVICE_FAMILY = 1;
				VALIDATE_PRODUCT = YES;
			};
			name = Release;
		};
		8BF9CED528E21A4400CD5D31 /* Debug */ = {
			isa = XCBuildConfiguration;
			buildSettings = {
				CODE_SIGN_ENTITLEMENTS = TodayWidget/TodayWidget.entitlements;
				CODE_SIGN_IDENTITY = "Apple Development";
				CODE_SIGN_STYLE = Automatic;
				CURRENT_PROJECT_VERSION = 0;
				DEVELOPMENT_TEAM = SXH69675TZ;
				INFOPLIST_FILE = TodayWidget/Info.plist;
				LD_RUNPATH_SEARCH_PATHS = (
					"$(inherited)",
					"@executable_path/Frameworks",
					"@executable_path/../../Frameworks",
				);
				MARKETING_VERSION = 1.6.8;
				PRODUCT_BUNDLE_IDENTIFIER = com.flipperdevices.main.TodayWidget;
				PRODUCT_NAME = "$(TARGET_NAME)";
				SDKROOT = iphoneos;
				SKIP_INSTALL = YES;
				SUPPORTED_PLATFORMS = "iphoneos iphonesimulator";
				SUPPORTS_MACCATALYST = NO;
				SUPPORTS_MAC_DESIGNED_FOR_IPHONE_IPAD = NO;
				SUPPORTS_XR_DESIGNED_FOR_IPHONE_IPAD = NO;
				SWIFT_VERSION = 5.0;
				TARGETED_DEVICE_FAMILY = 1;
			};
			name = Debug;
		};
		8BF9CED628E21A4400CD5D31 /* Release */ = {
			isa = XCBuildConfiguration;
			buildSettings = {
				CODE_SIGN_ENTITLEMENTS = TodayWidget/TodayWidget.entitlements;
				CODE_SIGN_IDENTITY = "Apple Development";
				CODE_SIGN_STYLE = Automatic;
				CURRENT_PROJECT_VERSION = 0;
				DEVELOPMENT_TEAM = SXH69675TZ;
				INFOPLIST_FILE = TodayWidget/Info.plist;
				LD_RUNPATH_SEARCH_PATHS = (
					"$(inherited)",
					"@executable_path/Frameworks",
					"@executable_path/../../Frameworks",
				);
				MARKETING_VERSION = 1.6.8;
				PRODUCT_BUNDLE_IDENTIFIER = com.flipperdevices.main.TodayWidget;
				PRODUCT_NAME = "$(TARGET_NAME)";
				SDKROOT = iphoneos;
				SKIP_INSTALL = YES;
				SUPPORTED_PLATFORMS = "iphoneos iphonesimulator";
				SUPPORTS_MACCATALYST = NO;
				SUPPORTS_MAC_DESIGNED_FOR_IPHONE_IPAD = NO;
				SUPPORTS_XR_DESIGNED_FOR_IPHONE_IPAD = NO;
				SWIFT_VERSION = 5.0;
				TARGETED_DEVICE_FAMILY = 1;
				VALIDATE_PRODUCT = YES;
			};
			name = Release;
		};
		F0DBFA4924EF2F9900EB2880 /* Debug */ = {
			isa = XCBuildConfiguration;
			buildSettings = {
				ALWAYS_SEARCH_USER_PATHS = NO;
				CLANG_ANALYZER_NONNULL = YES;
				CLANG_ANALYZER_NUMBER_OBJECT_CONVERSION = YES_AGGRESSIVE;
				CLANG_CXX_LANGUAGE_STANDARD = "gnu++14";
				CLANG_CXX_LIBRARY = "libc++";
				CLANG_ENABLE_MODULES = YES;
				CLANG_ENABLE_OBJC_ARC = YES;
				CLANG_ENABLE_OBJC_WEAK = YES;
				CLANG_WARN_BLOCK_CAPTURE_AUTORELEASING = YES;
				CLANG_WARN_BOOL_CONVERSION = YES;
				CLANG_WARN_COMMA = YES;
				CLANG_WARN_CONSTANT_CONVERSION = YES;
				CLANG_WARN_DEPRECATED_OBJC_IMPLEMENTATIONS = YES;
				CLANG_WARN_DIRECT_OBJC_ISA_USAGE = YES_ERROR;
				CLANG_WARN_DOCUMENTATION_COMMENTS = YES;
				CLANG_WARN_EMPTY_BODY = YES;
				CLANG_WARN_ENUM_CONVERSION = YES;
				CLANG_WARN_INFINITE_RECURSION = YES;
				CLANG_WARN_INT_CONVERSION = YES;
				CLANG_WARN_NON_LITERAL_NULL_CONVERSION = YES;
				CLANG_WARN_OBJC_IMPLICIT_RETAIN_SELF = YES;
				CLANG_WARN_OBJC_LITERAL_CONVERSION = YES;
				CLANG_WARN_OBJC_ROOT_CLASS = YES_ERROR;
				CLANG_WARN_QUOTED_INCLUDE_IN_FRAMEWORK_HEADER = YES;
				CLANG_WARN_RANGE_LOOP_ANALYSIS = YES;
				CLANG_WARN_STRICT_PROTOTYPES = YES;
				CLANG_WARN_SUSPICIOUS_MOVE = YES;
				CLANG_WARN_UNGUARDED_AVAILABILITY = YES_AGGRESSIVE;
				CLANG_WARN_UNREACHABLE_CODE = YES;
				CLANG_WARN__DUPLICATE_METHOD_MATCH = YES;
				COPY_PHASE_STRIP = NO;
				DEAD_CODE_STRIPPING = YES;
				DEBUG_INFORMATION_FORMAT = dwarf;
				ENABLE_STRICT_OBJC_MSGSEND = YES;
				ENABLE_TESTABILITY = YES;
				GCC_C_LANGUAGE_STANDARD = gnu11;
				GCC_DYNAMIC_NO_PIC = NO;
				GCC_NO_COMMON_BLOCKS = YES;
				GCC_OPTIMIZATION_LEVEL = 0;
				GCC_PREPROCESSOR_DEFINITIONS = (
					"DEBUG=1",
					"$(inherited)",
				);
				GCC_WARN_64_TO_32_BIT_CONVERSION = YES;
				GCC_WARN_ABOUT_RETURN_TYPE = YES_ERROR;
				GCC_WARN_UNDECLARED_SELECTOR = YES;
				GCC_WARN_UNINITIALIZED_AUTOS = YES_AGGRESSIVE;
				GCC_WARN_UNUSED_FUNCTION = YES;
				GCC_WARN_UNUSED_VARIABLE = YES;
				IPHONEOS_DEPLOYMENT_TARGET = 16.0;
				MACOSX_DEPLOYMENT_TARGET = 13.0;
				MTL_ENABLE_DEBUG_INFO = INCLUDE_SOURCE;
				MTL_FAST_MATH = YES;
				ONLY_ACTIVE_ARCH = YES;
				SUPPORTED_PLATFORMS = "iphonesimulator iphoneos macosx";
				SWIFT_ACTIVE_COMPILATION_CONDITIONS = DEBUG;
				SWIFT_OPTIMIZATION_LEVEL = "-Onone";
				SWIFT_STRICT_CONCURRENCY = complete;
			};
			name = Debug;
		};
		F0DBFA4A24EF2F9900EB2880 /* Release */ = {
			isa = XCBuildConfiguration;
			buildSettings = {
				ALWAYS_SEARCH_USER_PATHS = NO;
				CLANG_ANALYZER_NONNULL = YES;
				CLANG_ANALYZER_NUMBER_OBJECT_CONVERSION = YES_AGGRESSIVE;
				CLANG_CXX_LANGUAGE_STANDARD = "gnu++14";
				CLANG_CXX_LIBRARY = "libc++";
				CLANG_ENABLE_MODULES = YES;
				CLANG_ENABLE_OBJC_ARC = YES;
				CLANG_ENABLE_OBJC_WEAK = YES;
				CLANG_WARN_BLOCK_CAPTURE_AUTORELEASING = YES;
				CLANG_WARN_BOOL_CONVERSION = YES;
				CLANG_WARN_COMMA = YES;
				CLANG_WARN_CONSTANT_CONVERSION = YES;
				CLANG_WARN_DEPRECATED_OBJC_IMPLEMENTATIONS = YES;
				CLANG_WARN_DIRECT_OBJC_ISA_USAGE = YES_ERROR;
				CLANG_WARN_DOCUMENTATION_COMMENTS = YES;
				CLANG_WARN_EMPTY_BODY = YES;
				CLANG_WARN_ENUM_CONVERSION = YES;
				CLANG_WARN_INFINITE_RECURSION = YES;
				CLANG_WARN_INT_CONVERSION = YES;
				CLANG_WARN_NON_LITERAL_NULL_CONVERSION = YES;
				CLANG_WARN_OBJC_IMPLICIT_RETAIN_SELF = YES;
				CLANG_WARN_OBJC_LITERAL_CONVERSION = YES;
				CLANG_WARN_OBJC_ROOT_CLASS = YES_ERROR;
				CLANG_WARN_QUOTED_INCLUDE_IN_FRAMEWORK_HEADER = YES;
				CLANG_WARN_RANGE_LOOP_ANALYSIS = YES;
				CLANG_WARN_STRICT_PROTOTYPES = YES;
				CLANG_WARN_SUSPICIOUS_MOVE = YES;
				CLANG_WARN_UNGUARDED_AVAILABILITY = YES_AGGRESSIVE;
				CLANG_WARN_UNREACHABLE_CODE = YES;
				CLANG_WARN__DUPLICATE_METHOD_MATCH = YES;
				COPY_PHASE_STRIP = NO;
				DEAD_CODE_STRIPPING = YES;
				DEBUG_INFORMATION_FORMAT = "dwarf-with-dsym";
				ENABLE_NS_ASSERTIONS = NO;
				ENABLE_STRICT_OBJC_MSGSEND = YES;
				GCC_C_LANGUAGE_STANDARD = gnu11;
				GCC_NO_COMMON_BLOCKS = YES;
				GCC_WARN_64_TO_32_BIT_CONVERSION = YES;
				GCC_WARN_ABOUT_RETURN_TYPE = YES_ERROR;
				GCC_WARN_UNDECLARED_SELECTOR = YES;
				GCC_WARN_UNINITIALIZED_AUTOS = YES_AGGRESSIVE;
				GCC_WARN_UNUSED_FUNCTION = YES;
				GCC_WARN_UNUSED_VARIABLE = YES;
				IPHONEOS_DEPLOYMENT_TARGET = 16.0;
				MACOSX_DEPLOYMENT_TARGET = 13.0;
				MTL_ENABLE_DEBUG_INFO = NO;
				MTL_FAST_MATH = YES;
				SUPPORTED_PLATFORMS = "iphonesimulator iphoneos macosx";
				SWIFT_COMPILATION_MODE = wholemodule;
				SWIFT_OPTIMIZATION_LEVEL = "-O";
				SWIFT_STRICT_CONCURRENCY = complete;
			};
			name = Release;
		};
		F0DBFA4C24EF2F9900EB2880 /* Debug */ = {
			isa = XCBuildConfiguration;
			buildSettings = {
				ALWAYS_EMBED_SWIFT_STANDARD_LIBRARIES = YES;
				ASSETCATALOG_COMPILER_APPICON_NAME = AppIcon;
				ASSETCATALOG_COMPILER_GLOBAL_ACCENT_COLOR_NAME = AccentColor;
				CODE_SIGN_ENTITLEMENTS = iOS/iOS.entitlements;
				CODE_SIGN_IDENTITY = "Apple Development";
				CODE_SIGN_STYLE = Automatic;
				CURRENT_PROJECT_VERSION = 0;
				DEVELOPMENT_TEAM = SXH69675TZ;
				ENABLE_PREVIEWS = YES;
				INFOPLIST_FILE = iOS/Info.plist;
				LD_RUNPATH_SEARCH_PATHS = (
					"$(inherited)",
					"@executable_path/Frameworks",
				);
				MARKETING_VERSION = 1.6.8;
				PRODUCT_BUNDLE_IDENTIFIER = com.flipperdevices.main;
				PRODUCT_NAME = Flipper;
				PROVISIONING_PROFILE_SPECIFIER = "";
				SDKROOT = iphoneos;
				SUPPORTED_PLATFORMS = "iphoneos iphonesimulator";
				SUPPORTS_MACCATALYST = NO;
				SWIFT_VERSION = 5.0;
				TARGETED_DEVICE_FAMILY = "1,6";
			};
			name = Debug;
		};
		F0DBFA4D24EF2F9900EB2880 /* Release */ = {
			isa = XCBuildConfiguration;
			buildSettings = {
				ALWAYS_EMBED_SWIFT_STANDARD_LIBRARIES = YES;
				ASSETCATALOG_COMPILER_APPICON_NAME = AppIcon;
				ASSETCATALOG_COMPILER_GLOBAL_ACCENT_COLOR_NAME = AccentColor;
				CODE_SIGN_ENTITLEMENTS = iOS/iOS.entitlements;
				CODE_SIGN_IDENTITY = "Apple Development";
				CODE_SIGN_STYLE = Automatic;
				CURRENT_PROJECT_VERSION = 0;
				DEVELOPMENT_TEAM = SXH69675TZ;
				ENABLE_PREVIEWS = YES;
				INFOPLIST_FILE = iOS/Info.plist;
				LD_RUNPATH_SEARCH_PATHS = (
					"$(inherited)",
					"@executable_path/Frameworks",
				);
				MARKETING_VERSION = 1.6.8;
				PRODUCT_BUNDLE_IDENTIFIER = com.flipperdevices.main;
				PRODUCT_NAME = Flipper;
				PROVISIONING_PROFILE_SPECIFIER = "";
				SDKROOT = iphoneos;
				SUPPORTED_PLATFORMS = "iphoneos iphonesimulator";
				SUPPORTS_MACCATALYST = NO;
				SWIFT_VERSION = 5.0;
				TARGETED_DEVICE_FAMILY = "1,6";
				VALIDATE_PRODUCT = YES;
			};
			name = Release;
		};
/* End XCBuildConfiguration section */

/* Begin XCConfigurationList section */
		8B1A482E29C113A6000169E9 /* Build configuration list for PBXNativeTarget "ActivityWidget" */ = {
			isa = XCConfigurationList;
			buildConfigurations = (
				8B1A482C29C113A6000169E9 /* Debug */,
				8B1A482D29C113A6000169E9 /* Release */,
			);
			defaultConfigurationIsVisible = 0;
			defaultConfigurationName = Release;
		};
		8BCFDDEF277A2405002DA4CD /* Build configuration list for PBXNativeTarget "KeyPreview" */ = {
			isa = XCConfigurationList;
			buildConfigurations = (
				8BCFDDED277A2405002DA4CD /* Debug */,
				8BCFDDEE277A2405002DA4CD /* Release */,
			);
			defaultConfigurationIsVisible = 0;
			defaultConfigurationName = Release;
		};
		8BF9CED728E21A4400CD5D31 /* Build configuration list for PBXNativeTarget "TodayWidget" */ = {
			isa = XCConfigurationList;
			buildConfigurations = (
				8BF9CED528E21A4400CD5D31 /* Debug */,
				8BF9CED628E21A4400CD5D31 /* Release */,
			);
			defaultConfigurationIsVisible = 0;
			defaultConfigurationName = Release;
		};
		F0DBFA1824EF2F9600EB2880 /* Build configuration list for PBXProject "Flipper" */ = {
			isa = XCConfigurationList;
			buildConfigurations = (
				F0DBFA4924EF2F9900EB2880 /* Debug */,
				F0DBFA4A24EF2F9900EB2880 /* Release */,
			);
			defaultConfigurationIsVisible = 0;
			defaultConfigurationName = Release;
		};
		F0DBFA4B24EF2F9900EB2880 /* Build configuration list for PBXNativeTarget "Flipper(iOS)" */ = {
			isa = XCConfigurationList;
			buildConfigurations = (
				F0DBFA4C24EF2F9900EB2880 /* Debug */,
				F0DBFA4D24EF2F9900EB2880 /* Release */,
			);
			defaultConfigurationIsVisible = 0;
			defaultConfigurationName = Release;
		};
/* End XCConfigurationList section */

/* Begin XCSwiftPackageProductDependency section */
		8B1A482F29C11AF8000169E9 /* Core */ = {
			isa = XCSwiftPackageProductDependency;
			productName = Core;
		};
		8B1BB6D729C1E725008AE2A0 /* UI */ = {
			isa = XCSwiftPackageProductDependency;
			productName = UI;
		};
		8B7064CB26E27429006CB4A8 /* UI */ = {
			isa = XCSwiftPackageProductDependency;
			productName = UI;
		};
		8B77A9CC26CAA43300A3DF9F /* Core */ = {
			isa = XCSwiftPackageProductDependency;
			productName = Core;
		};
		8BB7DF2B29115FC3005C38C9 /* UI */ = {
			isa = XCSwiftPackageProductDependency;
			productName = UI;
		};
		8BB7DF2D29115FC7005C38C9 /* Core */ = {
			isa = XCSwiftPackageProductDependency;
			productName = Core;
		};
		8BF8025B2B0C14670083DF49 /* Notifications */ = {
			isa = XCSwiftPackageProductDependency;
			productName = Notifications;
		};
/* End XCSwiftPackageProductDependency section */
	};
	rootObject = F0DBFA1524EF2F9600EB2880 /* Project object */;
}
