// !$*UTF8*$!
{
	archiveVersion = 1;
	classes = {
	};
	objectVersion = 52;
	objects = {

/* Begin PBXBuildFile section */
		49CE8F9E25262E2300B9CBE4 /* LaunchScreen.storyboard in Resources */ = {isa = PBXBuildFile; fileRef = 49CE8F9D25262E2300B9CBE4 /* LaunchScreen.storyboard */; };
		8B7064CC26E27429006CB4A8 /* UI in Frameworks */ = {isa = PBXBuildFile; productRef = 8B7064CB26E27429006CB4A8 /* UI */; };
		8B7480DE2807483500692304 /* Born2bSportyV2.ttf in Resources */ = {isa = PBXBuildFile; fileRef = 8B7480DD2807483500692304 /* Born2bSportyV2.ttf */; };
		8B77A9CD26CAA43300A3DF9F /* Core in Frameworks */ = {isa = PBXBuildFile; productRef = 8B77A9CC26CAA43300A3DF9F /* Core */; };
		8BA57F1D273AD21D00A3A33B /* nfc.png in Resources */ = {isa = PBXBuildFile; fileRef = 8BA57F18273AD21D00A3A33B /* nfc.png */; };
		8BA57F1E273AD21D00A3A33B /* ibutton.png in Resources */ = {isa = PBXBuildFile; fileRef = 8BA57F19273AD21D00A3A33B /* ibutton.png */; };
		8BA57F1F273AD21D00A3A33B /* rfid.png in Resources */ = {isa = PBXBuildFile; fileRef = 8BA57F1A273AD21D00A3A33B /* rfid.png */; };
		8BA57F20273AD21D00A3A33B /* subhz.png in Resources */ = {isa = PBXBuildFile; fileRef = 8BA57F1B273AD21D00A3A33B /* subhz.png */; };
		8BA57F21273AD21D00A3A33B /* irda.png in Resources */ = {isa = PBXBuildFile; fileRef = 8BA57F1C273AD21D00A3A33B /* irda.png */; };
		8BCB0168278F135C00DA66F5 /* Intents.intentdefinition in Sources */ = {isa = PBXBuildFile; fileRef = 8BCB0167278F135C00DA66F5 /* Intents.intentdefinition */; };
		8BCE39EB289D47EA00FB5704 /* HaxrCorpNeue.ttf in Resources */ = {isa = PBXBuildFile; fileRef = 8BCE39EA289D47EA00FB5704 /* HaxrCorpNeue.ttf */; };
		8BCFDDDF277A2405002DA4CD /* QuickLook.framework in Frameworks */ = {isa = PBXBuildFile; fileRef = 8BCFDDDE277A2405002DA4CD /* QuickLook.framework */; platformFilter = maccatalyst; };
		8BCFDDE2277A2405002DA4CD /* PreviewViewController.swift in Sources */ = {isa = PBXBuildFile; fileRef = 8BCFDDE1277A2405002DA4CD /* PreviewViewController.swift */; };
		8BCFDDE4277A2405002DA4CD /* PreviewProvider.swift in Sources */ = {isa = PBXBuildFile; fileRef = 8BCFDDE3277A2405002DA4CD /* PreviewProvider.swift */; };
		8BCFDDEB277A2405002DA4CD /* KeyPreview.appex in Embed Foundation Extensions */ = {isa = PBXBuildFile; fileRef = 8BCFDDDD277A2405002DA4CD /* KeyPreview.appex */; settings = {ATTRIBUTES = (RemoveHeadersOnCopy, ); }; };
		F0DBFA4324EF2F9900EB2880 /* FlipperApp.swift in Sources */ = {isa = PBXBuildFile; fileRef = F0DBFA1A24EF2F9600EB2880 /* FlipperApp.swift */; };
		F0DBFA4724EF2F9900EB2880 /* Assets.xcassets in Resources */ = {isa = PBXBuildFile; fileRef = F0DBFA1C24EF2F9900EB2880 /* Assets.xcassets */; };
/* End PBXBuildFile section */

/* Begin PBXContainerItemProxy section */
		8BCFDDE9277A2405002DA4CD /* PBXContainerItemProxy */ = {
			isa = PBXContainerItemProxy;
			containerPortal = F0DBFA1524EF2F9600EB2880 /* Project object */;
			proxyType = 1;
			remoteGlobalIDString = 8BCFDDDC277A2405002DA4CD;
			remoteInfo = KeyPreview;
		};
/* End PBXContainerItemProxy section */

/* Begin PBXCopyFilesBuildPhase section */
		44A5B5B624F05FCE009EE7FB /* Embed Frameworks */ = {
			isa = PBXCopyFilesBuildPhase;
			buildActionMask = 2147483647;
			dstPath = "";
			dstSubfolderSpec = 10;
			files = (
			);
			name = "Embed Frameworks";
			runOnlyForDeploymentPostprocessing = 0;
		};
		8BCFDDEC277A2405002DA4CD /* Embed Foundation Extensions */ = {
			isa = PBXCopyFilesBuildPhase;
			buildActionMask = 2147483647;
			dstPath = "";
			dstSubfolderSpec = 13;
			files = (
				8BCFDDEB277A2405002DA4CD /* KeyPreview.appex in Embed Foundation Extensions */,
			);
			name = "Embed Foundation Extensions";
			runOnlyForDeploymentPostprocessing = 0;
		};
/* End PBXCopyFilesBuildPhase section */

/* Begin PBXFileReference section */
		44A5B59224F05647009EE7FB /* iOS.entitlements */ = {isa = PBXFileReference; lastKnownFileType = text.plist.entitlements; path = iOS.entitlements; sourceTree = "<group>"; };
		49CE8F9D25262E2300B9CBE4 /* LaunchScreen.storyboard */ = {isa = PBXFileReference; lastKnownFileType = file.storyboard; path = LaunchScreen.storyboard; sourceTree = "<group>"; };
		8B38AA5F289D6BD800A152F3 /* Analytics */ = {isa = PBXFileReference; lastKnownFileType = wrapper; name = Analytics; path = Packages/Analytics; sourceTree = "<group>"; };
		8B7480DD2807483500692304 /* Born2bSportyV2.ttf */ = {isa = PBXFileReference; lastKnownFileType = file; path = Born2bSportyV2.ttf; sourceTree = "<group>"; };
		8B886F162759BA9A00D9A682 /* .swiftlint.yml */ = {isa = PBXFileReference; lastKnownFileType = text.yaml; name = .swiftlint.yml; path = Packages/Core/.swiftlint.yml; sourceTree = "<group>"; };
		8B886F172759BAA500D9A682 /* .swiftlint.yml */ = {isa = PBXFileReference; lastKnownFileType = text.yaml; name = .swiftlint.yml; path = Packages/UI/.swiftlint.yml; sourceTree = "<group>"; };
		8B886F192759BAC600D9A682 /* .swiftlint.yml */ = {isa = PBXFileReference; fileEncoding = 4; lastKnownFileType = text.yaml; name = .swiftlint.yml; path = Packages/Inject/.swiftlint.yml; sourceTree = "<group>"; };
		8B89527827581E7B00E4C336 /* UI */ = {isa = PBXFileReference; lastKnownFileType = wrapper; name = UI; path = Packages/UI; sourceTree = "<group>"; };
		8B89527927581E8700E4C336 /* Inject */ = {isa = PBXFileReference; lastKnownFileType = wrapper; name = Inject; path = Packages/Inject; sourceTree = "<group>"; };
		8B89527A27581E9500E4C336 /* Core */ = {isa = PBXFileReference; lastKnownFileType = wrapper; name = Core; path = Packages/Core; sourceTree = "<group>"; };
		8B8A5A82289D6FDA00F005F5 /* .swiftlint.yml */ = {isa = PBXFileReference; lastKnownFileType = text.yaml; name = .swiftlint.yml; path = Packages/Analytics/.swiftlint.yml; sourceTree = "<group>"; };
		8BA57F18273AD21D00A3A33B /* nfc.png */ = {isa = PBXFileReference; lastKnownFileType = image.png; path = nfc.png; sourceTree = "<group>"; };
		8BA57F19273AD21D00A3A33B /* ibutton.png */ = {isa = PBXFileReference; lastKnownFileType = image.png; path = ibutton.png; sourceTree = "<group>"; };
		8BA57F1A273AD21D00A3A33B /* rfid.png */ = {isa = PBXFileReference; lastKnownFileType = image.png; path = rfid.png; sourceTree = "<group>"; };
		8BA57F1B273AD21D00A3A33B /* subhz.png */ = {isa = PBXFileReference; lastKnownFileType = image.png; path = subhz.png; sourceTree = "<group>"; };
		8BA57F1C273AD21D00A3A33B /* irda.png */ = {isa = PBXFileReference; lastKnownFileType = image.png; path = irda.png; sourceTree = "<group>"; };
		8BC4791227FB2D9400863945 /* .swiftlint.yml */ = {isa = PBXFileReference; lastKnownFileType = text.yaml; name = .swiftlint.yml; path = Packages/Peripheral/Sources/RPC/Protobuf/.swiftlint.yml; sourceTree = "<group>"; };
		8BCB0167278F135C00DA66F5 /* Intents.intentdefinition */ = {isa = PBXFileReference; lastKnownFileType = file.intentdefinition; path = Intents.intentdefinition; sourceTree = "<group>"; };
		8BCE39EA289D47EA00FB5704 /* HaxrCorpNeue.ttf */ = {isa = PBXFileReference; lastKnownFileType = file; path = HaxrCorpNeue.ttf; sourceTree = "<group>"; };
		8BCFDDDD277A2405002DA4CD /* KeyPreview.appex */ = {isa = PBXFileReference; explicitFileType = "wrapper.app-extension"; includeInIndex = 0; path = KeyPreview.appex; sourceTree = BUILT_PRODUCTS_DIR; };
		8BCFDDDE277A2405002DA4CD /* QuickLook.framework */ = {isa = PBXFileReference; lastKnownFileType = wrapper.framework; name = QuickLook.framework; path = System/Library/Frameworks/QuickLook.framework; sourceTree = SDKROOT; };
		8BCFDDE1277A2405002DA4CD /* PreviewViewController.swift */ = {isa = PBXFileReference; lastKnownFileType = sourcecode.swift; path = PreviewViewController.swift; sourceTree = "<group>"; };
		8BCFDDE3277A2405002DA4CD /* PreviewProvider.swift */ = {isa = PBXFileReference; lastKnownFileType = sourcecode.swift; path = PreviewProvider.swift; sourceTree = "<group>"; };
		8BCFDDE8277A2405002DA4CD /* Info.plist */ = {isa = PBXFileReference; lastKnownFileType = text.plist.xml; path = Info.plist; sourceTree = "<group>"; };
		8BE40CF427F1265900288F66 /* .swiftlint.yml */ = {isa = PBXFileReference; fileEncoding = 4; lastKnownFileType = text.yaml; name = .swiftlint.yml; path = Packages/Peripheral/.swiftlint.yml; sourceTree = "<group>"; };
		8BE40CF627F1266D00288F66 /* Peripheral */ = {isa = PBXFileReference; lastKnownFileType = wrapper; name = Peripheral; path = Packages/Peripheral; sourceTree = "<group>"; };
		8BED6143270B66D8009E51E2 /* perform_lint.sh */ = {isa = PBXFileReference; lastKnownFileType = text.script.sh; path = perform_lint.sh; sourceTree = "<group>"; };
		8BEE5AF928A54BF20070D01E /* .swiftlint.yml */ = {isa = PBXFileReference; fileEncoding = 4; lastKnownFileType = text.yaml; name = .swiftlint.yml; path = Packages/Analytics/Sources/Protobuf/.swiftlint.yml; sourceTree = "<group>"; };
		F0DBFA1A24EF2F9600EB2880 /* FlipperApp.swift */ = {isa = PBXFileReference; lastKnownFileType = sourcecode.swift; path = FlipperApp.swift; sourceTree = "<group>"; };
		F0DBFA1C24EF2F9900EB2880 /* Assets.xcassets */ = {isa = PBXFileReference; lastKnownFileType = folder.assetcatalog; path = Assets.xcassets; sourceTree = "<group>"; };
		F0DBFA2124EF2F9900EB2880 /* Flipper.app */ = {isa = PBXFileReference; explicitFileType = wrapper.application; includeInIndex = 0; path = Flipper.app; sourceTree = BUILT_PRODUCTS_DIR; };
		F0DBFA2424EF2F9900EB2880 /* Info.plist */ = {isa = PBXFileReference; lastKnownFileType = text.plist.xml; path = Info.plist; sourceTree = "<group>"; };
/* End PBXFileReference section */

/* Begin PBXFrameworksBuildPhase section */
		8BCFDDDA277A2405002DA4CD /* Frameworks */ = {
			isa = PBXFrameworksBuildPhase;
			buildActionMask = 2147483647;
			files = (
				8BCFDDDF277A2405002DA4CD /* QuickLook.framework in Frameworks */,
			);
			runOnlyForDeploymentPostprocessing = 0;
		};
		F0DBFA1E24EF2F9900EB2880 /* Frameworks */ = {
			isa = PBXFrameworksBuildPhase;
			buildActionMask = 2147483647;
			files = (
				8B7064CC26E27429006CB4A8 /* UI in Frameworks */,
				8B77A9CD26CAA43300A3DF9F /* Core in Frameworks */,
			);
			runOnlyForDeploymentPostprocessing = 0;
		};
/* End PBXFrameworksBuildPhase section */

/* Begin PBXGroup section */
		44A5B5B124F05FCE009EE7FB /* Frameworks */ = {
			isa = PBXGroup;
			children = (
				8BCFDDDE277A2405002DA4CD /* QuickLook.framework */,
			);
			name = Frameworks;
			sourceTree = "<group>";
		};
		8B2D5D0B27EFA992005A2F56 /* Peripheral */ = {
			isa = PBXGroup;
			children = (
				8BE40CF427F1265900288F66 /* .swiftlint.yml */,
				8BED613F270B6258009E51E2 /* Protobuf */,
			);
			name = Peripheral;
			sourceTree = "<group>";
		};
		8B7480D42807474900692304 /* Fonts */ = {
			isa = PBXGroup;
			children = (
				8BCE39EA289D47EA00FB5704 /* HaxrCorpNeue.ttf */,
				8B7480DD2807483500692304 /* Born2bSportyV2.ttf */,
			);
			path = Fonts;
			sourceTree = "<group>";
		};
		8B77A9C626CAA3BA00A3DF9F /* Packages */ = {
			isa = PBXGroup;
			children = (
				8B89527927581E8700E4C336 /* Inject */,
				8B38AA5F289D6BD800A152F3 /* Analytics */,
				8BE40CF627F1266D00288F66 /* Peripheral */,
				8B89527A27581E9500E4C336 /* Core */,
				8B89527827581E7B00E4C336 /* UI */,
			);
			name = Packages;
			sourceTree = "<group>";
		};
		8B8A5A81289D6FA500F005F5 /* Analytics */ = {
			isa = PBXGroup;
			children = (
				8BEE5AF828A54BE60070D01E /* Protobuf */,
				8B8A5A82289D6FDA00F005F5 /* .swiftlint.yml */,
			);
			name = Analytics;
			sourceTree = "<group>";
		};
		8BA57ED9273AA05900A3A33B /* FileIcons */ = {
			isa = PBXGroup;
			children = (
				8BA57F19273AD21D00A3A33B /* ibutton.png */,
				8BA57F1C273AD21D00A3A33B /* irda.png */,
				8BA57F18273AD21D00A3A33B /* nfc.png */,
				8BA57F1A273AD21D00A3A33B /* rfid.png */,
				8BA57F1B273AD21D00A3A33B /* subhz.png */,
			);
			path = FileIcons;
			sourceTree = "<group>";
		};
		8BCFDDE0277A2405002DA4CD /* KeyPreview */ = {
			isa = PBXGroup;
			children = (
				8BCFDDE1277A2405002DA4CD /* PreviewViewController.swift */,
				8BCFDDE3277A2405002DA4CD /* PreviewProvider.swift */,
				8BCFDDE8277A2405002DA4CD /* Info.plist */,
			);
			path = KeyPreview;
			sourceTree = "<group>";
		};
		8BED6139270B617B009E51E2 /* SwiftLint */ = {
			isa = PBXGroup;
			children = (
				8BED613D270B61F7009E51E2 /* Inject */,
				8B8A5A81289D6FA500F005F5 /* Analytics */,
				8B2D5D0B27EFA992005A2F56 /* Peripheral */,
				8BED613C270B61EE009E51E2 /* Core */,
				8BED613E270B6202009E51E2 /* UI */,
				8BED6143270B66D8009E51E2 /* perform_lint.sh */,
			);
			name = SwiftLint;
			sourceTree = "<group>";
		};
		8BED613C270B61EE009E51E2 /* Core */ = {
			isa = PBXGroup;
			children = (
				8B886F162759BA9A00D9A682 /* .swiftlint.yml */,
			);
			name = Core;
			sourceTree = "<group>";
		};
		8BED613D270B61F7009E51E2 /* Inject */ = {
			isa = PBXGroup;
			children = (
				8B886F192759BAC600D9A682 /* .swiftlint.yml */,
			);
			name = Inject;
			sourceTree = "<group>";
		};
		8BED613E270B6202009E51E2 /* UI */ = {
			isa = PBXGroup;
			children = (
				8B886F172759BAA500D9A682 /* .swiftlint.yml */,
			);
			name = UI;
			sourceTree = "<group>";
		};
		8BED613F270B6258009E51E2 /* Protobuf */ = {
			isa = PBXGroup;
			children = (
				8BC4791227FB2D9400863945 /* .swiftlint.yml */,
			);
			name = Protobuf;
			sourceTree = "<group>";
		};
		8BEE5AF828A54BE60070D01E /* Protobuf */ = {
			isa = PBXGroup;
			children = (
				8BEE5AF928A54BF20070D01E /* .swiftlint.yml */,
			);
			name = Protobuf;
			sourceTree = "<group>";
		};
		F0DBFA1424EF2F9600EB2880 = {
			isa = PBXGroup;
			children = (
				8B77A9C626CAA3BA00A3DF9F /* Packages */,
				F0DBFA2324EF2F9900EB2880 /* iOS */,
				F0DBFA1924EF2F9600EB2880 /* Shared */,
				8BED6139270B617B009E51E2 /* SwiftLint */,
				8BCFDDE0277A2405002DA4CD /* KeyPreview */,
				F0DBFA2224EF2F9900EB2880 /* Products */,
				44A5B5B124F05FCE009EE7FB /* Frameworks */,
			);
			sourceTree = "<group>";
		};
		F0DBFA1924EF2F9600EB2880 /* Shared */ = {
			isa = PBXGroup;
			children = (
				8B7480D42807474900692304 /* Fonts */,
				F0DBFA1A24EF2F9600EB2880 /* FlipperApp.swift */,
				F0DBFA1C24EF2F9900EB2880 /* Assets.xcassets */,
			);
			path = Shared;
			sourceTree = "<group>";
		};
		F0DBFA2224EF2F9900EB2880 /* Products */ = {
			isa = PBXGroup;
			children = (
				F0DBFA2124EF2F9900EB2880 /* Flipper.app */,
				8BCFDDDD277A2405002DA4CD /* KeyPreview.appex */,
			);
			name = Products;
			sourceTree = "<group>";
		};
		F0DBFA2324EF2F9900EB2880 /* iOS */ = {
			isa = PBXGroup;
			children = (
				8BA57ED9273AA05900A3A33B /* FileIcons */,
				F0DBFA2424EF2F9900EB2880 /* Info.plist */,
				44A5B59224F05647009EE7FB /* iOS.entitlements */,
				49CE8F9D25262E2300B9CBE4 /* LaunchScreen.storyboard */,
				8BCB0167278F135C00DA66F5 /* Intents.intentdefinition */,
			);
			path = iOS;
			sourceTree = "<group>";
		};
/* End PBXGroup section */

/* Begin PBXNativeTarget section */
		8BCFDDDC277A2405002DA4CD /* KeyPreview */ = {
			isa = PBXNativeTarget;
			buildConfigurationList = 8BCFDDEF277A2405002DA4CD /* Build configuration list for PBXNativeTarget "KeyPreview" */;
			buildPhases = (
				8BCFDDD9277A2405002DA4CD /* Sources */,
				8BCFDDDA277A2405002DA4CD /* Frameworks */,
				8BCFDDDB277A2405002DA4CD /* Resources */,
			);
			buildRules = (
			);
			dependencies = (
			);
			name = KeyPreview;
			productName = KeyPreview;
			productReference = 8BCFDDDD277A2405002DA4CD /* KeyPreview.appex */;
			productType = "com.apple.product-type.app-extension";
		};
		F0DBFA2024EF2F9900EB2880 /* Flipper(iOS) */ = {
			isa = PBXNativeTarget;
			buildConfigurationList = F0DBFA4B24EF2F9900EB2880 /* Build configuration list for PBXNativeTarget "Flipper(iOS)" */;
			buildPhases = (
				49CE8F942525E73200B9CBE4 /* Check code with SwiftLint */,
				F0DBFA1D24EF2F9900EB2880 /* Sources */,
				F0DBFA1E24EF2F9900EB2880 /* Frameworks */,
				F0DBFA1F24EF2F9900EB2880 /* Resources */,
				44A5B5B624F05FCE009EE7FB /* Embed Frameworks */,
				8BCFDDEC277A2405002DA4CD /* Embed Foundation Extensions */,
			);
			buildRules = (
			);
			dependencies = (
				8BCFDDEA277A2405002DA4CD /* PBXTargetDependency */,
			);
			name = "Flipper(iOS)";
			packageProductDependencies = (
				8B77A9CC26CAA43300A3DF9F /* Core */,
				8B7064CB26E27429006CB4A8 /* UI */,
			);
			productName = "Flipper (iOS)";
			productReference = F0DBFA2124EF2F9900EB2880 /* Flipper.app */;
			productType = "com.apple.product-type.application";
		};
/* End PBXNativeTarget section */

/* Begin PBXProject section */
		F0DBFA1524EF2F9600EB2880 /* Project object */ = {
			isa = PBXProject;
			attributes = {
				LastSwiftUpdateCheck = 1320;
				LastUpgradeCheck = 1400;
				TargetAttributes = {
					8BCFDDDC277A2405002DA4CD = {
						CreatedOnToolsVersion = 13.2;
					};
					F0DBFA2024EF2F9900EB2880 = {
						CreatedOnToolsVersion = 12.0;
					};
				};
			};
			buildConfigurationList = F0DBFA1824EF2F9600EB2880 /* Build configuration list for PBXProject "Flipper" */;
			compatibilityVersion = "Xcode 9.3";
			developmentRegion = en;
			hasScannedForEncodings = 0;
			knownRegions = (
				en,
				Base,
			);
			mainGroup = F0DBFA1424EF2F9600EB2880;
			productRefGroup = F0DBFA2224EF2F9900EB2880 /* Products */;
			projectDirPath = "";
			projectRoot = "";
			targets = (
				F0DBFA2024EF2F9900EB2880 /* Flipper(iOS) */,
				8BCFDDDC277A2405002DA4CD /* KeyPreview */,
			);
		};
/* End PBXProject section */

/* Begin PBXResourcesBuildPhase section */
		8BCFDDDB277A2405002DA4CD /* Resources */ = {
			isa = PBXResourcesBuildPhase;
			buildActionMask = 2147483647;
			files = (
			);
			runOnlyForDeploymentPostprocessing = 0;
		};
		F0DBFA1F24EF2F9900EB2880 /* Resources */ = {
			isa = PBXResourcesBuildPhase;
			buildActionMask = 2147483647;
			files = (
				8B7480DE2807483500692304 /* Born2bSportyV2.ttf in Resources */,
				8BCE39EB289D47EA00FB5704 /* HaxrCorpNeue.ttf in Resources */,
				8BA57F20273AD21D00A3A33B /* subhz.png in Resources */,
				8BA57F1F273AD21D00A3A33B /* rfid.png in Resources */,
				8BA57F21273AD21D00A3A33B /* irda.png in Resources */,
				8BA57F1E273AD21D00A3A33B /* ibutton.png in Resources */,
				49CE8F9E25262E2300B9CBE4 /* LaunchScreen.storyboard in Resources */,
				8BA57F1D273AD21D00A3A33B /* nfc.png in Resources */,
				F0DBFA4724EF2F9900EB2880 /* Assets.xcassets in Resources */,
			);
			runOnlyForDeploymentPostprocessing = 0;
		};
/* End PBXResourcesBuildPhase section */

/* Begin PBXShellScriptBuildPhase section */
		49CE8F942525E73200B9CBE4 /* Check code with SwiftLint */ = {
			isa = PBXShellScriptBuildPhase;
			buildActionMask = 2147483647;
			files = (
			);
			inputFileListPaths = (
			);
			inputPaths = (
			);
			name = "Check code with SwiftLint";
			outputFileListPaths = (
			);
			outputPaths = (
			);
			runOnlyForDeploymentPostprocessing = 0;
			shellPath = /bin/sh;
			shellScript = "# Initiate lint\n${PROJECT_DIR}/perform_lint.sh\n";
		};
/* End PBXShellScriptBuildPhase section */

/* Begin PBXSourcesBuildPhase section */
		8BCFDDD9277A2405002DA4CD /* Sources */ = {
			isa = PBXSourcesBuildPhase;
			buildActionMask = 2147483647;
			files = (
				8BCFDDE2277A2405002DA4CD /* PreviewViewController.swift in Sources */,
				8BCFDDE4277A2405002DA4CD /* PreviewProvider.swift in Sources */,
			);
			runOnlyForDeploymentPostprocessing = 0;
		};
		F0DBFA1D24EF2F9900EB2880 /* Sources */ = {
			isa = PBXSourcesBuildPhase;
			buildActionMask = 2147483647;
			files = (
				8BCB0168278F135C00DA66F5 /* Intents.intentdefinition in Sources */,
				F0DBFA4324EF2F9900EB2880 /* FlipperApp.swift in Sources */,
			);
			runOnlyForDeploymentPostprocessing = 0;
		};
/* End PBXSourcesBuildPhase section */

/* Begin PBXTargetDependency section */
		8BCFDDEA277A2405002DA4CD /* PBXTargetDependency */ = {
			isa = PBXTargetDependency;
			target = 8BCFDDDC277A2405002DA4CD /* KeyPreview */;
			targetProxy = 8BCFDDE9277A2405002DA4CD /* PBXContainerItemProxy */;
		};
/* End PBXTargetDependency section */

/* Begin XCBuildConfiguration section */
		8BCFDDED277A2405002DA4CD /* Debug */ = {
			isa = XCBuildConfiguration;
			buildSettings = {
				CLANG_CXX_LANGUAGE_STANDARD = "gnu++17";
				CODE_SIGN_STYLE = Automatic;
				CURRENT_PROJECT_VERSION = 0;
				DEVELOPMENT_TEAM = SXH69675TZ;
				GENERATE_INFOPLIST_FILE = YES;
				INFOPLIST_FILE = KeyPreview/Info.plist;
				INFOPLIST_KEY_CFBundleDisplayName = KeyPreview;
				INFOPLIST_KEY_NSHumanReadableCopyright = "";
				IPHONEOS_DEPLOYMENT_TARGET = 15.0;
				LD_RUNPATH_SEARCH_PATHS = (
					"$(inherited)",
					"@executable_path/Frameworks",
					"@executable_path/../../Frameworks",
				);
				MARKETING_VERSION = 1.2.0;
				PRODUCT_BUNDLE_IDENTIFIER = com.flipperdevices.main.KeyPreview;
				PRODUCT_NAME = "$(TARGET_NAME)";
				SDKROOT = iphoneos;
				SKIP_INSTALL = YES;
				SWIFT_EMIT_LOC_STRINGS = YES;
				SWIFT_VERSION = 5.0;
				TARGETED_DEVICE_FAMILY = 1;
			};
			name = Debug;
		};
		8BCFDDEE277A2405002DA4CD /* Release */ = {
			isa = XCBuildConfiguration;
			buildSettings = {
				CLANG_CXX_LANGUAGE_STANDARD = "gnu++17";
				CODE_SIGN_STYLE = Automatic;
				CURRENT_PROJECT_VERSION = 0;
				DEVELOPMENT_TEAM = SXH69675TZ;
				GENERATE_INFOPLIST_FILE = YES;
				INFOPLIST_FILE = KeyPreview/Info.plist;
				INFOPLIST_KEY_CFBundleDisplayName = KeyPreview;
				INFOPLIST_KEY_NSHumanReadableCopyright = "";
				IPHONEOS_DEPLOYMENT_TARGET = 15.0;
				LD_RUNPATH_SEARCH_PATHS = (
					"$(inherited)",
					"@executable_path/Frameworks",
					"@executable_path/../../Frameworks",
				);
				MARKETING_VERSION = 1.2.0;
				PRODUCT_BUNDLE_IDENTIFIER = com.flipperdevices.main.KeyPreview;
				PRODUCT_NAME = "$(TARGET_NAME)";
				SDKROOT = iphoneos;
				SKIP_INSTALL = YES;
				SWIFT_EMIT_LOC_STRINGS = YES;
				SWIFT_VERSION = 5.0;
				TARGETED_DEVICE_FAMILY = 1;
				VALIDATE_PRODUCT = YES;
			};
			name = Release;
		};
		F0DBFA4924EF2F9900EB2880 /* Debug */ = {
			isa = XCBuildConfiguration;
			buildSettings = {
				ALWAYS_SEARCH_USER_PATHS = NO;
				CLANG_ANALYZER_NONNULL = YES;
				CLANG_ANALYZER_NUMBER_OBJECT_CONVERSION = YES_AGGRESSIVE;
				CLANG_CXX_LANGUAGE_STANDARD = "gnu++14";
				CLANG_CXX_LIBRARY = "libc++";
				CLANG_ENABLE_MODULES = YES;
				CLANG_ENABLE_OBJC_ARC = YES;
				CLANG_ENABLE_OBJC_WEAK = YES;
				CLANG_WARN_BLOCK_CAPTURE_AUTORELEASING = YES;
				CLANG_WARN_BOOL_CONVERSION = YES;
				CLANG_WARN_COMMA = YES;
				CLANG_WARN_CONSTANT_CONVERSION = YES;
				CLANG_WARN_DEPRECATED_OBJC_IMPLEMENTATIONS = YES;
				CLANG_WARN_DIRECT_OBJC_ISA_USAGE = YES_ERROR;
				CLANG_WARN_DOCUMENTATION_COMMENTS = YES;
				CLANG_WARN_EMPTY_BODY = YES;
				CLANG_WARN_ENUM_CONVERSION = YES;
				CLANG_WARN_INFINITE_RECURSION = YES;
				CLANG_WARN_INT_CONVERSION = YES;
				CLANG_WARN_NON_LITERAL_NULL_CONVERSION = YES;
				CLANG_WARN_OBJC_IMPLICIT_RETAIN_SELF = YES;
				CLANG_WARN_OBJC_LITERAL_CONVERSION = YES;
				CLANG_WARN_OBJC_ROOT_CLASS = YES_ERROR;
				CLANG_WARN_QUOTED_INCLUDE_IN_FRAMEWORK_HEADER = YES;
				CLANG_WARN_RANGE_LOOP_ANALYSIS = YES;
				CLANG_WARN_STRICT_PROTOTYPES = YES;
				CLANG_WARN_SUSPICIOUS_MOVE = YES;
				CLANG_WARN_UNGUARDED_AVAILABILITY = YES_AGGRESSIVE;
				CLANG_WARN_UNREACHABLE_CODE = YES;
				CLANG_WARN__DUPLICATE_METHOD_MATCH = YES;
				COPY_PHASE_STRIP = NO;
				DEAD_CODE_STRIPPING = YES;
				DEBUG_INFORMATION_FORMAT = dwarf;
				ENABLE_STRICT_OBJC_MSGSEND = YES;
				ENABLE_TESTABILITY = YES;
				GCC_C_LANGUAGE_STANDARD = gnu11;
				GCC_DYNAMIC_NO_PIC = NO;
				GCC_NO_COMMON_BLOCKS = YES;
				GCC_OPTIMIZATION_LEVEL = 0;
				GCC_PREPROCESSOR_DEFINITIONS = (
					"DEBUG=1",
					"$(inherited)",
				);
				GCC_WARN_64_TO_32_BIT_CONVERSION = YES;
				GCC_WARN_ABOUT_RETURN_TYPE = YES_ERROR;
				GCC_WARN_UNDECLARED_SELECTOR = YES;
				GCC_WARN_UNINITIALIZED_AUTOS = YES_AGGRESSIVE;
				GCC_WARN_UNUSED_FUNCTION = YES;
				GCC_WARN_UNUSED_VARIABLE = YES;
				IPHONEOS_DEPLOYMENT_TARGET = 15.0;
				MACOSX_DEPLOYMENT_TARGET = 12.0;
				MTL_ENABLE_DEBUG_INFO = INCLUDE_SOURCE;
				MTL_FAST_MATH = YES;
				ONLY_ACTIVE_ARCH = YES;
				SUPPORTED_PLATFORMS = "iphonesimulator iphoneos macosx";
				SWIFT_ACTIVE_COMPILATION_CONDITIONS = DEBUG;
				SWIFT_OPTIMIZATION_LEVEL = "-Onone";
			};
			name = Debug;
		};
		F0DBFA4A24EF2F9900EB2880 /* Release */ = {
			isa = XCBuildConfiguration;
			buildSettings = {
				ALWAYS_SEARCH_USER_PATHS = NO;
				CLANG_ANALYZER_NONNULL = YES;
				CLANG_ANALYZER_NUMBER_OBJECT_CONVERSION = YES_AGGRESSIVE;
				CLANG_CXX_LANGUAGE_STANDARD = "gnu++14";
				CLANG_CXX_LIBRARY = "libc++";
				CLANG_ENABLE_MODULES = YES;
				CLANG_ENABLE_OBJC_ARC = YES;
				CLANG_ENABLE_OBJC_WEAK = YES;
				CLANG_WARN_BLOCK_CAPTURE_AUTORELEASING = YES;
				CLANG_WARN_BOOL_CONVERSION = YES;
				CLANG_WARN_COMMA = YES;
				CLANG_WARN_CONSTANT_CONVERSION = YES;
				CLANG_WARN_DEPRECATED_OBJC_IMPLEMENTATIONS = YES;
				CLANG_WARN_DIRECT_OBJC_ISA_USAGE = YES_ERROR;
				CLANG_WARN_DOCUMENTATION_COMMENTS = YES;
				CLANG_WARN_EMPTY_BODY = YES;
				CLANG_WARN_ENUM_CONVERSION = YES;
				CLANG_WARN_INFINITE_RECURSION = YES;
				CLANG_WARN_INT_CONVERSION = YES;
				CLANG_WARN_NON_LITERAL_NULL_CONVERSION = YES;
				CLANG_WARN_OBJC_IMPLICIT_RETAIN_SELF = YES;
				CLANG_WARN_OBJC_LITERAL_CONVERSION = YES;
				CLANG_WARN_OBJC_ROOT_CLASS = YES_ERROR;
				CLANG_WARN_QUOTED_INCLUDE_IN_FRAMEWORK_HEADER = YES;
				CLANG_WARN_RANGE_LOOP_ANALYSIS = YES;
				CLANG_WARN_STRICT_PROTOTYPES = YES;
				CLANG_WARN_SUSPICIOUS_MOVE = YES;
				CLANG_WARN_UNGUARDED_AVAILABILITY = YES_AGGRESSIVE;
				CLANG_WARN_UNREACHABLE_CODE = YES;
				CLANG_WARN__DUPLICATE_METHOD_MATCH = YES;
				COPY_PHASE_STRIP = NO;
				DEAD_CODE_STRIPPING = YES;
				DEBUG_INFORMATION_FORMAT = "dwarf-with-dsym";
				ENABLE_NS_ASSERTIONS = NO;
				ENABLE_STRICT_OBJC_MSGSEND = YES;
				GCC_C_LANGUAGE_STANDARD = gnu11;
				GCC_NO_COMMON_BLOCKS = YES;
				GCC_WARN_64_TO_32_BIT_CONVERSION = YES;
				GCC_WARN_ABOUT_RETURN_TYPE = YES_ERROR;
				GCC_WARN_UNDECLARED_SELECTOR = YES;
				GCC_WARN_UNINITIALIZED_AUTOS = YES_AGGRESSIVE;
				GCC_WARN_UNUSED_FUNCTION = YES;
				GCC_WARN_UNUSED_VARIABLE = YES;
				IPHONEOS_DEPLOYMENT_TARGET = 15.0;
				MACOSX_DEPLOYMENT_TARGET = 12.0;
				MTL_ENABLE_DEBUG_INFO = NO;
				MTL_FAST_MATH = YES;
				SUPPORTED_PLATFORMS = "iphonesimulator iphoneos macosx";
				SWIFT_COMPILATION_MODE = wholemodule;
				SWIFT_OPTIMIZATION_LEVEL = "-O";
			};
			name = Release;
		};
		F0DBFA4C24EF2F9900EB2880 /* Debug */ = {
			isa = XCBuildConfiguration;
			buildSettings = {
				ALWAYS_EMBED_SWIFT_STANDARD_LIBRARIES = YES;
				ASSETCATALOG_COMPILER_APPICON_NAME = AppIcon;
				ASSETCATALOG_COMPILER_GLOBAL_ACCENT_COLOR_NAME = AccentColor;
				CODE_SIGN_ENTITLEMENTS = iOS/iOS.entitlements;
				CODE_SIGN_IDENTITY = "Apple Development";
				CODE_SIGN_STYLE = Automatic;
				CURRENT_PROJECT_VERSION = 0;
				DEVELOPMENT_TEAM = SXH69675TZ;
				ENABLE_PREVIEWS = YES;
				INFOPLIST_FILE = iOS/Info.plist;
				LD_RUNPATH_SEARCH_PATHS = (
					"$(inherited)",
					"@executable_path/Frameworks",
				);
				MARKETING_VERSION = 1.2.0;
				PRODUCT_BUNDLE_IDENTIFIER = com.flipperdevices.main;
				PRODUCT_NAME = Flipper;
				PROVISIONING_PROFILE_SPECIFIER = "";
				SDKROOT = iphoneos;
				SUPPORTED_PLATFORMS = "iphonesimulator iphoneos";
				SUPPORTS_MACCATALYST = NO;
				SWIFT_VERSION = 5.0;
				TARGETED_DEVICE_FAMILY = "1,6";
			};
			name = Debug;
		};
		F0DBFA4D24EF2F9900EB2880 /* Release */ = {
			isa = XCBuildConfiguration;
			buildSettings = {
				ALWAYS_EMBED_SWIFT_STANDARD_LIBRARIES = YES;
				ASSETCATALOG_COMPILER_APPICON_NAME = AppIcon;
				ASSETCATALOG_COMPILER_GLOBAL_ACCENT_COLOR_NAME = AccentColor;
				CODE_SIGN_ENTITLEMENTS = iOS/iOS.entitlements;
				CODE_SIGN_IDENTITY = "Apple Development";
				CODE_SIGN_STYLE = Automatic;
				CURRENT_PROJECT_VERSION = 0;
				DEVELOPMENT_TEAM = SXH69675TZ;
				ENABLE_PREVIEWS = YES;
				INFOPLIST_FILE = iOS/Info.plist;
				LD_RUNPATH_SEARCH_PATHS = (
					"$(inherited)",
					"@executable_path/Frameworks",
				);
				MARKETING_VERSION = 1.2.0;
				PRODUCT_BUNDLE_IDENTIFIER = com.flipperdevices.main;
				PRODUCT_NAME = Flipper;
				PROVISIONING_PROFILE_SPECIFIER = "";
				SDKROOT = iphoneos;
				SUPPORTED_PLATFORMS = "iphonesimulator iphoneos";
				SUPPORTS_MACCATALYST = NO;
				SWIFT_VERSION = 5.0;
				TARGETED_DEVICE_FAMILY = "1,6";
				VALIDATE_PRODUCT = YES;
			};
			name = Release;
		};
/* End XCBuildConfiguration section */

/* Begin XCConfigurationList section */
		8BCFDDEF277A2405002DA4CD /* Build configuration list for PBXNativeTarget "KeyPreview" */ = {
			isa = XCConfigurationList;
			buildConfigurations = (
				8BCFDDED277A2405002DA4CD /* Debug */,
				8BCFDDEE277A2405002DA4CD /* Release */,
			);
			defaultConfigurationIsVisible = 0;
			defaultConfigurationName = Release;
		};
		F0DBFA1824EF2F9600EB2880 /* Build configuration list for PBXProject "Flipper" */ = {
			isa = XCConfigurationList;
			buildConfigurations = (
				F0DBFA4924EF2F9900EB2880 /* Debug */,
				F0DBFA4A24EF2F9900EB2880 /* Release */,
			);
			defaultConfigurationIsVisible = 0;
			defaultConfigurationName = Release;
		};
		F0DBFA4B24EF2F9900EB2880 /* Build configuration list for PBXNativeTarget "Flipper(iOS)" */ = {
			isa = XCConfigurationList;
			buildConfigurations = (
				F0DBFA4C24EF2F9900EB2880 /* Debug */,
				F0DBFA4D24EF2F9900EB2880 /* Release */,
			);
			defaultConfigurationIsVisible = 0;
			defaultConfigurationName = Release;
		};
/* End XCConfigurationList section */

/* Begin XCSwiftPackageProductDependency section */
		8B7064CB26E27429006CB4A8 /* UI */ = {
			isa = XCSwiftPackageProductDependency;
			productName = UI;
		};
		8B77A9CC26CAA43300A3DF9F /* Core */ = {
			isa = XCSwiftPackageProductDependency;
			productName = Core;
		};
/* End XCSwiftPackageProductDependency section */
	};
	rootObject = F0DBFA1524EF2F9600EB2880 /* Project object */;
}
