// !$*UTF8*$!
{
	archiveVersion = 1;
	classes = {
	};
	objectVersion = 50;
	objects = {

/* Begin PBXBuildFile section */
		44A13C2924EF8D4100617FEA /* RootView.swift in Sources */ = {isa = PBXBuildFile; fileRef = 44A13C2824EF8D4100617FEA /* RootView.swift */; };
		44A13C2A24EF8D4100617FEA /* RootView.swift in Sources */ = {isa = PBXBuildFile; fileRef = 44A13C2824EF8D4100617FEA /* RootView.swift */; };
		44A13C2C24EF8DD700617FEA /* HomeView.swift in Sources */ = {isa = PBXBuildFile; fileRef = 44A13C2B24EF8DD700617FEA /* HomeView.swift */; };
		44A13C2D24EF8DD700617FEA /* HomeView.swift in Sources */ = {isa = PBXBuildFile; fileRef = 44A13C2B24EF8DD700617FEA /* HomeView.swift */; };
		F0DBFA3624EF2F9900EB2880 /* Tests_iOS.swift in Sources */ = {isa = PBXBuildFile; fileRef = F0DBFA3524EF2F9900EB2880 /* Tests_iOS.swift */; };
		F0DBFA4124EF2F9900EB2880 /* Tests_macOS.swift in Sources */ = {isa = PBXBuildFile; fileRef = F0DBFA4024EF2F9900EB2880 /* Tests_macOS.swift */; };
		F0DBFA4324EF2F9900EB2880 /* FlipperZeroApp.swift in Sources */ = {isa = PBXBuildFile; fileRef = F0DBFA1A24EF2F9600EB2880 /* FlipperZeroApp.swift */; };
		F0DBFA4424EF2F9900EB2880 /* FlipperZeroApp.swift in Sources */ = {isa = PBXBuildFile; fileRef = F0DBFA1A24EF2F9600EB2880 /* FlipperZeroApp.swift */; };
		F0DBFA4724EF2F9900EB2880 /* Assets.xcassets in Resources */ = {isa = PBXBuildFile; fileRef = F0DBFA1C24EF2F9900EB2880 /* Assets.xcassets */; };
		F0DBFA4824EF2F9900EB2880 /* Assets.xcassets in Resources */ = {isa = PBXBuildFile; fileRef = F0DBFA1C24EF2F9900EB2880 /* Assets.xcassets */; };
/* End PBXBuildFile section */

/* Begin PBXContainerItemProxy section */
		F0DBFA3224EF2F9900EB2880 /* PBXContainerItemProxy */ = {
			isa = PBXContainerItemProxy;
			containerPortal = F0DBFA1524EF2F9600EB2880 /* Project object */;
			proxyType = 1;
			remoteGlobalIDString = F0DBFA2024EF2F9900EB2880;
			remoteInfo = "FlipperZero (iOS)";
		};
		F0DBFA3D24EF2F9900EB2880 /* PBXContainerItemProxy */ = {
			isa = PBXContainerItemProxy;
			containerPortal = F0DBFA1524EF2F9600EB2880 /* Project object */;
			proxyType = 1;
			remoteGlobalIDString = F0DBFA2824EF2F9900EB2880;
			remoteInfo = "FlipperZero (macOS)";
		};
/* End PBXContainerItemProxy section */

/* Begin PBXFileReference section */
		44A13C2824EF8D4100617FEA /* RootView.swift */ = {isa = PBXFileReference; lastKnownFileType = sourcecode.swift; path = RootView.swift; sourceTree = "<group>"; };
		44A13C2B24EF8DD700617FEA /* HomeView.swift */ = {isa = PBXFileReference; lastKnownFileType = sourcecode.swift; path = HomeView.swift; sourceTree = "<group>"; };
		44A5B59224F05647009EE7FB /* iOS.entitlements */ = {isa = PBXFileReference; lastKnownFileType = text.plist.entitlements; path = iOS.entitlements; sourceTree = "<group>"; };
		F0DBFA1A24EF2F9600EB2880 /* FlipperZeroApp.swift */ = {isa = PBXFileReference; lastKnownFileType = sourcecode.swift; path = FlipperZeroApp.swift; sourceTree = "<group>"; };
		F0DBFA1C24EF2F9900EB2880 /* Assets.xcassets */ = {isa = PBXFileReference; lastKnownFileType = folder.assetcatalog; path = Assets.xcassets; sourceTree = "<group>"; };
		F0DBFA2124EF2F9900EB2880 /* FlipperZero.app */ = {isa = PBXFileReference; explicitFileType = wrapper.application; includeInIndex = 0; path = FlipperZero.app; sourceTree = BUILT_PRODUCTS_DIR; };
		F0DBFA2424EF2F9900EB2880 /* Info.plist */ = {isa = PBXFileReference; lastKnownFileType = text.plist.xml; path = Info.plist; sourceTree = "<group>"; };
		F0DBFA2924EF2F9900EB2880 /* FlipperZero.app */ = {isa = PBXFileReference; explicitFileType = wrapper.application; includeInIndex = 0; path = FlipperZero.app; sourceTree = BUILT_PRODUCTS_DIR; };
		F0DBFA2B24EF2F9900EB2880 /* Info.plist */ = {isa = PBXFileReference; lastKnownFileType = text.plist.xml; path = Info.plist; sourceTree = "<group>"; };
		F0DBFA2C24EF2F9900EB2880 /* macOS.entitlements */ = {isa = PBXFileReference; lastKnownFileType = text.plist.entitlements; path = macOS.entitlements; sourceTree = "<group>"; };
		F0DBFA3124EF2F9900EB2880 /* Tests iOS.xctest */ = {isa = PBXFileReference; explicitFileType = wrapper.cfbundle; includeInIndex = 0; path = "Tests iOS.xctest"; sourceTree = BUILT_PRODUCTS_DIR; };
		F0DBFA3524EF2F9900EB2880 /* Tests_iOS.swift */ = {isa = PBXFileReference; lastKnownFileType = sourcecode.swift; path = Tests_iOS.swift; sourceTree = "<group>"; };
		F0DBFA3724EF2F9900EB2880 /* Info.plist */ = {isa = PBXFileReference; lastKnownFileType = text.plist.xml; path = Info.plist; sourceTree = "<group>"; };
		F0DBFA3C24EF2F9900EB2880 /* Tests macOS.xctest */ = {isa = PBXFileReference; explicitFileType = wrapper.cfbundle; includeInIndex = 0; path = "Tests macOS.xctest"; sourceTree = BUILT_PRODUCTS_DIR; };
		F0DBFA4024EF2F9900EB2880 /* Tests_macOS.swift */ = {isa = PBXFileReference; lastKnownFileType = sourcecode.swift; path = Tests_macOS.swift; sourceTree = "<group>"; };
		F0DBFA4224EF2F9900EB2880 /* Info.plist */ = {isa = PBXFileReference; lastKnownFileType = text.plist.xml; path = Info.plist; sourceTree = "<group>"; };
/* End PBXFileReference section */

/* Begin PBXFrameworksBuildPhase section */
		F0DBFA1E24EF2F9900EB2880 /* Frameworks */ = {
			isa = PBXFrameworksBuildPhase;
			buildActionMask = 2147483647;
			files = (
			);
			runOnlyForDeploymentPostprocessing = 0;
		};
		F0DBFA2624EF2F9900EB2880 /* Frameworks */ = {
			isa = PBXFrameworksBuildPhase;
			buildActionMask = 2147483647;
			files = (
			);
			runOnlyForDeploymentPostprocessing = 0;
		};
		F0DBFA2E24EF2F9900EB2880 /* Frameworks */ = {
			isa = PBXFrameworksBuildPhase;
			buildActionMask = 2147483647;
			files = (
			);
			runOnlyForDeploymentPostprocessing = 0;
		};
		F0DBFA3924EF2F9900EB2880 /* Frameworks */ = {
			isa = PBXFrameworksBuildPhase;
			buildActionMask = 2147483647;
			files = (
			);
			runOnlyForDeploymentPostprocessing = 0;
		};
/* End PBXFrameworksBuildPhase section */

/* Begin PBXGroup section */
		44A13C2724EF8D1B00617FEA /* View */ = {
			isa = PBXGroup;
			children = (
				44A13C2824EF8D4100617FEA /* RootView.swift */,
				44A13C2B24EF8DD700617FEA /* HomeView.swift */,
			);
			path = View;
			sourceTree = "<group>";
		};
		F0DBFA1424EF2F9600EB2880 = {
			isa = PBXGroup;
			children = (
				F0DBFA1924EF2F9600EB2880 /* Shared */,
				F0DBFA2324EF2F9900EB2880 /* iOS */,
				F0DBFA2A24EF2F9900EB2880 /* macOS */,
				F0DBFA3424EF2F9900EB2880 /* Tests iOS */,
				F0DBFA3F24EF2F9900EB2880 /* Tests macOS */,
				F0DBFA2224EF2F9900EB2880 /* Products */,
			);
			sourceTree = "<group>";
		};
		F0DBFA1924EF2F9600EB2880 /* Shared */ = {
			isa = PBXGroup;
			children = (
				44A13C2724EF8D1B00617FEA /* View */,
				F0DBFA1A24EF2F9600EB2880 /* FlipperZeroApp.swift */,
				F0DBFA1C24EF2F9900EB2880 /* Assets.xcassets */,
			);
			path = Shared;
			sourceTree = "<group>";
		};
		F0DBFA2224EF2F9900EB2880 /* Products */ = {
			isa = PBXGroup;
			children = (
				F0DBFA2124EF2F9900EB2880 /* FlipperZero.app */,
				F0DBFA2924EF2F9900EB2880 /* FlipperZero.app */,
				F0DBFA3124EF2F9900EB2880 /* Tests iOS.xctest */,
				F0DBFA3C24EF2F9900EB2880 /* Tests macOS.xctest */,
			);
			name = Products;
			sourceTree = "<group>";
		};
		F0DBFA2324EF2F9900EB2880 /* iOS */ = {
			isa = PBXGroup;
			children = (
				F0DBFA2424EF2F9900EB2880 /* Info.plist */,
				44A5B59224F05647009EE7FB /* iOS.entitlements */,
			);
			path = iOS;
			sourceTree = "<group>";
		};
		F0DBFA2A24EF2F9900EB2880 /* macOS */ = {
			isa = PBXGroup;
			children = (
				F0DBFA2B24EF2F9900EB2880 /* Info.plist */,
				F0DBFA2C24EF2F9900EB2880 /* macOS.entitlements */,
			);
			path = macOS;
			sourceTree = "<group>";
		};
		F0DBFA3424EF2F9900EB2880 /* Tests iOS */ = {
			isa = PBXGroup;
			children = (
				F0DBFA3524EF2F9900EB2880 /* Tests_iOS.swift */,
				F0DBFA3724EF2F9900EB2880 /* Info.plist */,
			);
			path = "Tests iOS";
			sourceTree = "<group>";
		};
		F0DBFA3F24EF2F9900EB2880 /* Tests macOS */ = {
			isa = PBXGroup;
			children = (
				F0DBFA4024EF2F9900EB2880 /* Tests_macOS.swift */,
				F0DBFA4224EF2F9900EB2880 /* Info.plist */,
			);
			path = "Tests macOS";
			sourceTree = "<group>";
		};
/* End PBXGroup section */

/* Begin PBXNativeTarget section */
		F0DBFA2024EF2F9900EB2880 /* FlipperZero(iOS) */ = {
			isa = PBXNativeTarget;
			buildConfigurationList = F0DBFA4B24EF2F9900EB2880 /* Build configuration list for PBXNativeTarget "FlipperZero(iOS)" */;
			buildPhases = (
				F0DBFA1D24EF2F9900EB2880 /* Sources */,
				F0DBFA1E24EF2F9900EB2880 /* Frameworks */,
				F0DBFA1F24EF2F9900EB2880 /* Resources */,
			);
			buildRules = (
			);
			dependencies = (
			);
			name = "FlipperZero(iOS)";
			productName = "FlipperZero (iOS)";
			productReference = F0DBFA2124EF2F9900EB2880 /* FlipperZero.app */;
			productType = "com.apple.product-type.application";
		};
		F0DBFA2824EF2F9900EB2880 /* FlipperZero(macOS) */ = {
			isa = PBXNativeTarget;
			buildConfigurationList = F0DBFA4E24EF2F9900EB2880 /* Build configuration list for PBXNativeTarget "FlipperZero(macOS)" */;
			buildPhases = (
				F0DBFA2524EF2F9900EB2880 /* Sources */,
				F0DBFA2624EF2F9900EB2880 /* Frameworks */,
				F0DBFA2724EF2F9900EB2880 /* Resources */,
			);
			buildRules = (
			);
			dependencies = (
			);
			name = "FlipperZero(macOS)";
			productName = "FlipperZero (macOS)";
			productReference = F0DBFA2924EF2F9900EB2880 /* FlipperZero.app */;
			productType = "com.apple.product-type.application";
		};
		F0DBFA3024EF2F9900EB2880 /* Tests iOS */ = {
			isa = PBXNativeTarget;
			buildConfigurationList = F0DBFA5124EF2F9900EB2880 /* Build configuration list for PBXNativeTarget "Tests iOS" */;
			buildPhases = (
				F0DBFA2D24EF2F9900EB2880 /* Sources */,
				F0DBFA2E24EF2F9900EB2880 /* Frameworks */,
				F0DBFA2F24EF2F9900EB2880 /* Resources */,
			);
			buildRules = (
			);
			dependencies = (
				F0DBFA3324EF2F9900EB2880 /* PBXTargetDependency */,
			);
			name = "Tests iOS";
			productName = "Tests iOS";
			productReference = F0DBFA3124EF2F9900EB2880 /* Tests iOS.xctest */;
			productType = "com.apple.product-type.bundle.ui-testing";
		};
		F0DBFA3B24EF2F9900EB2880 /* Tests macOS */ = {
			isa = PBXNativeTarget;
			buildConfigurationList = F0DBFA5424EF2F9900EB2880 /* Build configuration list for PBXNativeTarget "Tests macOS" */;
			buildPhases = (
				F0DBFA3824EF2F9900EB2880 /* Sources */,
				F0DBFA3924EF2F9900EB2880 /* Frameworks */,
				F0DBFA3A24EF2F9900EB2880 /* Resources */,
			);
			buildRules = (
			);
			dependencies = (
				F0DBFA3E24EF2F9900EB2880 /* PBXTargetDependency */,
			);
			name = "Tests macOS";
			productName = "Tests macOS";
			productReference = F0DBFA3C24EF2F9900EB2880 /* Tests macOS.xctest */;
			productType = "com.apple.product-type.bundle.ui-testing";
		};
/* End PBXNativeTarget section */

/* Begin PBXProject section */
		F0DBFA1524EF2F9600EB2880 /* Project object */ = {
			isa = PBXProject;
			attributes = {
				LastSwiftUpdateCheck = 1200;
				LastUpgradeCheck = 1200;
				TargetAttributes = {
					F0DBFA2024EF2F9900EB2880 = {
						CreatedOnToolsVersion = 12.0;
					};
					F0DBFA2824EF2F9900EB2880 = {
						CreatedOnToolsVersion = 12.0;
					};
					F0DBFA3024EF2F9900EB2880 = {
						CreatedOnToolsVersion = 12.0;
						TestTargetID = F0DBFA2024EF2F9900EB2880;
					};
					F0DBFA3B24EF2F9900EB2880 = {
						CreatedOnToolsVersion = 12.0;
						TestTargetID = F0DBFA2824EF2F9900EB2880;
					};
				};
			};
			buildConfigurationList = F0DBFA1824EF2F9600EB2880 /* Build configuration list for PBXProject "FlipperZero" */;
			compatibilityVersion = "Xcode 9.3";
			developmentRegion = en;
			hasScannedForEncodings = 0;
			knownRegions = (
				en,
				Base,
			);
			mainGroup = F0DBFA1424EF2F9600EB2880;
			productRefGroup = F0DBFA2224EF2F9900EB2880 /* Products */;
			projectDirPath = "";
			projectRoot = "";
			targets = (
				F0DBFA2024EF2F9900EB2880 /* FlipperZero(iOS) */,
				F0DBFA2824EF2F9900EB2880 /* FlipperZero(macOS) */,
				F0DBFA3024EF2F9900EB2880 /* Tests iOS */,
				F0DBFA3B24EF2F9900EB2880 /* Tests macOS */,
			);
		};
/* End PBXProject section */

/* Begin PBXResourcesBuildPhase section */
		F0DBFA1F24EF2F9900EB2880 /* Resources */ = {
			isa = PBXResourcesBuildPhase;
			buildActionMask = 2147483647;
			files = (
				F0DBFA4724EF2F9900EB2880 /* Assets.xcassets in Resources */,
			);
			runOnlyForDeploymentPostprocessing = 0;
		};
		F0DBFA2724EF2F9900EB2880 /* Resources */ = {
			isa = PBXResourcesBuildPhase;
			buildActionMask = 2147483647;
			files = (
				F0DBFA4824EF2F9900EB2880 /* Assets.xcassets in Resources */,
			);
			runOnlyForDeploymentPostprocessing = 0;
		};
		F0DBFA2F24EF2F9900EB2880 /* Resources */ = {
			isa = PBXResourcesBuildPhase;
			buildActionMask = 2147483647;
			files = (
			);
			runOnlyForDeploymentPostprocessing = 0;
		};
		F0DBFA3A24EF2F9900EB2880 /* Resources */ = {
			isa = PBXResourcesBuildPhase;
			buildActionMask = 2147483647;
			files = (
			);
			runOnlyForDeploymentPostprocessing = 0;
		};
/* End PBXResourcesBuildPhase section */

/* Begin PBXSourcesBuildPhase section */
		F0DBFA1D24EF2F9900EB2880 /* Sources */ = {
			isa = PBXSourcesBuildPhase;
			buildActionMask = 2147483647;
			files = (
				44A13C2C24EF8DD700617FEA /* HomeView.swift in Sources */,
				F0DBFA4324EF2F9900EB2880 /* FlipperZeroApp.swift in Sources */,
				44A13C2924EF8D4100617FEA /* RootView.swift in Sources */,
			);
			runOnlyForDeploymentPostprocessing = 0;
		};
		F0DBFA2524EF2F9900EB2880 /* Sources */ = {
			isa = PBXSourcesBuildPhase;
			buildActionMask = 2147483647;
			files = (
				44A13C2D24EF8DD700617FEA /* HomeView.swift in Sources */,
				F0DBFA4424EF2F9900EB2880 /* FlipperZeroApp.swift in Sources */,
				44A13C2A24EF8D4100617FEA /* RootView.swift in Sources */,
			);
			runOnlyForDeploymentPostprocessing = 0;
		};
		F0DBFA2D24EF2F9900EB2880 /* Sources */ = {
			isa = PBXSourcesBuildPhase;
			buildActionMask = 2147483647;
			files = (
				F0DBFA3624EF2F9900EB2880 /* Tests_iOS.swift in Sources */,
			);
			runOnlyForDeploymentPostprocessing = 0;
		};
		F0DBFA3824EF2F9900EB2880 /* Sources */ = {
			isa = PBXSourcesBuildPhase;
			buildActionMask = 2147483647;
			files = (
				F0DBFA4124EF2F9900EB2880 /* Tests_macOS.swift in Sources */,
			);
			runOnlyForDeploymentPostprocessing = 0;
		};
/* End PBXSourcesBuildPhase section */

/* Begin PBXTargetDependency section */
		F0DBFA3324EF2F9900EB2880 /* PBXTargetDependency */ = {
			isa = PBXTargetDependency;
			target = F0DBFA2024EF2F9900EB2880 /* FlipperZero(iOS) */;
			targetProxy = F0DBFA3224EF2F9900EB2880 /* PBXContainerItemProxy */;
		};
		F0DBFA3E24EF2F9900EB2880 /* PBXTargetDependency */ = {
			isa = PBXTargetDependency;
			target = F0DBFA2824EF2F9900EB2880 /* FlipperZero(macOS) */;
			targetProxy = F0DBFA3D24EF2F9900EB2880 /* PBXContainerItemProxy */;
		};
/* End PBXTargetDependency section */

/* Begin XCBuildConfiguration section */
		F0DBFA4924EF2F9900EB2880 /* Debug */ = {
			isa = XCBuildConfiguration;
			buildSettings = {
				ALWAYS_SEARCH_USER_PATHS = NO;
				CLANG_ANALYZER_NONNULL = YES;
				CLANG_ANALYZER_NUMBER_OBJECT_CONVERSION = YES_AGGRESSIVE;
				CLANG_CXX_LANGUAGE_STANDARD = "gnu++14";
				CLANG_CXX_LIBRARY = "libc++";
				CLANG_ENABLE_MODULES = YES;
				CLANG_ENABLE_OBJC_ARC = YES;
				CLANG_ENABLE_OBJC_WEAK = YES;
				CLANG_WARN_BLOCK_CAPTURE_AUTORELEASING = YES;
				CLANG_WARN_BOOL_CONVERSION = YES;
				CLANG_WARN_COMMA = YES;
				CLANG_WARN_CONSTANT_CONVERSION = YES;
				CLANG_WARN_DEPRECATED_OBJC_IMPLEMENTATIONS = YES;
				CLANG_WARN_DIRECT_OBJC_ISA_USAGE = YES_ERROR;
				CLANG_WARN_DOCUMENTATION_COMMENTS = YES;
				CLANG_WARN_EMPTY_BODY = YES;
				CLANG_WARN_ENUM_CONVERSION = YES;
				CLANG_WARN_INFINITE_RECURSION = YES;
				CLANG_WARN_INT_CONVERSION = YES;
				CLANG_WARN_NON_LITERAL_NULL_CONVERSION = YES;
				CLANG_WARN_OBJC_IMPLICIT_RETAIN_SELF = YES;
				CLANG_WARN_OBJC_LITERAL_CONVERSION = YES;
				CLANG_WARN_OBJC_ROOT_CLASS = YES_ERROR;
				CLANG_WARN_QUOTED_INCLUDE_IN_FRAMEWORK_HEADER = YES;
				CLANG_WARN_RANGE_LOOP_ANALYSIS = YES;
				CLANG_WARN_STRICT_PROTOTYPES = YES;
				CLANG_WARN_SUSPICIOUS_MOVE = YES;
				CLANG_WARN_UNGUARDED_AVAILABILITY = YES_AGGRESSIVE;
				CLANG_WARN_UNREACHABLE_CODE = YES;
				CLANG_WARN__DUPLICATE_METHOD_MATCH = YES;
				COPY_PHASE_STRIP = NO;
				DEBUG_INFORMATION_FORMAT = dwarf;
				ENABLE_STRICT_OBJC_MSGSEND = YES;
				ENABLE_TESTABILITY = YES;
				GCC_C_LANGUAGE_STANDARD = gnu11;
				GCC_DYNAMIC_NO_PIC = NO;
				GCC_NO_COMMON_BLOCKS = YES;
				GCC_OPTIMIZATION_LEVEL = 0;
				GCC_PREPROCESSOR_DEFINITIONS = (
					"DEBUG=1",
					"$(inherited)",
				);
				GCC_WARN_64_TO_32_BIT_CONVERSION = YES;
				GCC_WARN_ABOUT_RETURN_TYPE = YES_ERROR;
				GCC_WARN_UNDECLARED_SELECTOR = YES;
				GCC_WARN_UNINITIALIZED_AUTOS = YES_AGGRESSIVE;
				GCC_WARN_UNUSED_FUNCTION = YES;
				GCC_WARN_UNUSED_VARIABLE = YES;
				IPHONEOS_DEPLOYMENT_TARGET = 14.0;
				MACOSX_DEPLOYMENT_TARGET = 11.0;
				MTL_ENABLE_DEBUG_INFO = INCLUDE_SOURCE;
				MTL_FAST_MATH = YES;
				ONLY_ACTIVE_ARCH = YES;
				SWIFT_ACTIVE_COMPILATION_CONDITIONS = DEBUG;
				SWIFT_OPTIMIZATION_LEVEL = "-Onone";
			};
			name = Debug;
		};
		F0DBFA4A24EF2F9900EB2880 /* Release */ = {
			isa = XCBuildConfiguration;
			buildSettings = {
				ALWAYS_SEARCH_USER_PATHS = NO;
				CLANG_ANALYZER_NONNULL = YES;
				CLANG_ANALYZER_NUMBER_OBJECT_CONVERSION = YES_AGGRESSIVE;
				CLANG_CXX_LANGUAGE_STANDARD = "gnu++14";
				CLANG_CXX_LIBRARY = "libc++";
				CLANG_ENABLE_MODULES = YES;
				CLANG_ENABLE_OBJC_ARC = YES;
				CLANG_ENABLE_OBJC_WEAK = YES;
				CLANG_WARN_BLOCK_CAPTURE_AUTORELEASING = YES;
				CLANG_WARN_BOOL_CONVERSION = YES;
				CLANG_WARN_COMMA = YES;
				CLANG_WARN_CONSTANT_CONVERSION = YES;
				CLANG_WARN_DEPRECATED_OBJC_IMPLEMENTATIONS = YES;
				CLANG_WARN_DIRECT_OBJC_ISA_USAGE = YES_ERROR;
				CLANG_WARN_DOCUMENTATION_COMMENTS = YES;
				CLANG_WARN_EMPTY_BODY = YES;
				CLANG_WARN_ENUM_CONVERSION = YES;
				CLANG_WARN_INFINITE_RECURSION = YES;
				CLANG_WARN_INT_CONVERSION = YES;
				CLANG_WARN_NON_LITERAL_NULL_CONVERSION = YES;
				CLANG_WARN_OBJC_IMPLICIT_RETAIN_SELF = YES;
				CLANG_WARN_OBJC_LITERAL_CONVERSION = YES;
				CLANG_WARN_OBJC_ROOT_CLASS = YES_ERROR;
				CLANG_WARN_QUOTED_INCLUDE_IN_FRAMEWORK_HEADER = YES;
				CLANG_WARN_RANGE_LOOP_ANALYSIS = YES;
				CLANG_WARN_STRICT_PROTOTYPES = YES;
				CLANG_WARN_SUSPICIOUS_MOVE = YES;
				CLANG_WARN_UNGUARDED_AVAILABILITY = YES_AGGRESSIVE;
				CLANG_WARN_UNREACHABLE_CODE = YES;
				CLANG_WARN__DUPLICATE_METHOD_MATCH = YES;
				COPY_PHASE_STRIP = NO;
				DEBUG_INFORMATION_FORMAT = "dwarf-with-dsym";
				ENABLE_NS_ASSERTIONS = NO;
				ENABLE_STRICT_OBJC_MSGSEND = YES;
				GCC_C_LANGUAGE_STANDARD = gnu11;
				GCC_NO_COMMON_BLOCKS = YES;
				GCC_WARN_64_TO_32_BIT_CONVERSION = YES;
				GCC_WARN_ABOUT_RETURN_TYPE = YES_ERROR;
				GCC_WARN_UNDECLARED_SELECTOR = YES;
				GCC_WARN_UNINITIALIZED_AUTOS = YES_AGGRESSIVE;
				GCC_WARN_UNUSED_FUNCTION = YES;
				GCC_WARN_UNUSED_VARIABLE = YES;
				IPHONEOS_DEPLOYMENT_TARGET = 14.0;
				MACOSX_DEPLOYMENT_TARGET = 11.0;
				MTL_ENABLE_DEBUG_INFO = NO;
				MTL_FAST_MATH = YES;
				SWIFT_COMPILATION_MODE = wholemodule;
				SWIFT_OPTIMIZATION_LEVEL = "-O";
			};
			name = Release;
		};
		F0DBFA4C24EF2F9900EB2880 /* Debug */ = {
			isa = XCBuildConfiguration;
			buildSettings = {
				ASSETCATALOG_COMPILER_APPICON_NAME = AppIcon;
				ASSETCATALOG_COMPILER_GLOBAL_ACCENT_COLOR_NAME = AccentColor;
				CODE_SIGN_ENTITLEMENTS = iOS/iOS.entitlements;
				CODE_SIGN_STYLE = Automatic;
				ENABLE_PREVIEWS = YES;
				INFOPLIST_FILE = iOS/Info.plist;
				IPHONEOS_DEPLOYMENT_TARGET = 14.0;
				LD_RUNPATH_SEARCH_PATHS = (
					"$(inherited)",
					"@executable_path/Frameworks",
				);
				MARKETING_VERSION = 1.0;
				PRODUCT_BUNDLE_IDENTIFIER = Flipper.FlipperZero;
				PRODUCT_NAME = FlipperZero;
				SDKROOT = iphoneos;
				SUPPORTS_MACCATALYST = NO;
				SWIFT_VERSION = 5.0;
				TARGETED_DEVICE_FAMILY = "1,2";
			};
			name = Debug;
		};
		F0DBFA4D24EF2F9900EB2880 /* Release */ = {
			isa = XCBuildConfiguration;
			buildSettings = {
				ASSETCATALOG_COMPILER_APPICON_NAME = AppIcon;
				ASSETCATALOG_COMPILER_GLOBAL_ACCENT_COLOR_NAME = AccentColor;
				CODE_SIGN_ENTITLEMENTS = iOS/iOS.entitlements;
				CODE_SIGN_STYLE = Automatic;
				ENABLE_PREVIEWS = YES;
				INFOPLIST_FILE = iOS/Info.plist;
				IPHONEOS_DEPLOYMENT_TARGET = 14.0;
				LD_RUNPATH_SEARCH_PATHS = (
					"$(inherited)",
					"@executable_path/Frameworks",
				);
				MARKETING_VERSION = 1.0;
				PRODUCT_BUNDLE_IDENTIFIER = Flipper.FlipperZero;
				PRODUCT_NAME = FlipperZero;
				SDKROOT = iphoneos;
				SUPPORTS_MACCATALYST = NO;
				SWIFT_VERSION = 5.0;
				TARGETED_DEVICE_FAMILY = "1,2";
				VALIDATE_PRODUCT = YES;
			};
			name = Release;
		};
		F0DBFA4F24EF2F9900EB2880 /* Debug */ = {
			isa = XCBuildConfiguration;
			buildSettings = {
				ASSETCATALOG_COMPILER_APPICON_NAME = AppIcon;
				ASSETCATALOG_COMPILER_GLOBAL_ACCENT_COLOR_NAME = AccentColor;
				CODE_SIGN_ENTITLEMENTS = macOS/macOS.entitlements;
				CODE_SIGN_STYLE = Automatic;
				COMBINE_HIDPI_IMAGES = YES;
				ENABLE_PREVIEWS = YES;
				INFOPLIST_FILE = macOS/Info.plist;
				LD_RUNPATH_SEARCH_PATHS = (
					"$(inherited)",
					"@executable_path/../Frameworks",
				);
				MACOSX_DEPLOYMENT_TARGET = 11.0;
				PRODUCT_BUNDLE_IDENTIFIER = Flipper.FlipperZero;
				PRODUCT_NAME = FlipperZero;
				SDKROOT = macosx;
				SWIFT_VERSION = 5.0;
			};
			name = Debug;
		};
		F0DBFA5024EF2F9900EB2880 /* Release */ = {
			isa = XCBuildConfiguration;
			buildSettings = {
				ASSETCATALOG_COMPILER_APPICON_NAME = AppIcon;
				ASSETCATALOG_COMPILER_GLOBAL_ACCENT_COLOR_NAME = AccentColor;
				CODE_SIGN_ENTITLEMENTS = macOS/macOS.entitlements;
				CODE_SIGN_STYLE = Automatic;
				COMBINE_HIDPI_IMAGES = YES;
				ENABLE_PREVIEWS = YES;
				INFOPLIST_FILE = macOS/Info.plist;
				LD_RUNPATH_SEARCH_PATHS = (
					"$(inherited)",
					"@executable_path/../Frameworks",
				);
				MACOSX_DEPLOYMENT_TARGET = 11.0;
				PRODUCT_BUNDLE_IDENTIFIER = Flipper.FlipperZero;
				PRODUCT_NAME = FlipperZero;
				SDKROOT = macosx;
				SWIFT_VERSION = 5.0;
			};
			name = Release;
		};
		F0DBFA5224EF2F9900EB2880 /* Debug */ = {
			isa = XCBuildConfiguration;
			buildSettings = {
				ALWAYS_EMBED_SWIFT_STANDARD_LIBRARIES = YES;
				CODE_SIGN_STYLE = Automatic;
				INFOPLIST_FILE = "Tests iOS/Info.plist";
				IPHONEOS_DEPLOYMENT_TARGET = 14.0;
				LD_RUNPATH_SEARCH_PATHS = (
					"$(inherited)",
					"@executable_path/Frameworks",
					"@loader_path/Frameworks",
				);
				PRODUCT_BUNDLE_IDENTIFIER = "Flipper.Tests-iOS";
				PRODUCT_NAME = "$(TARGET_NAME)";
				SDKROOT = iphoneos;
				SWIFT_VERSION = 5.0;
				TARGETED_DEVICE_FAMILY = "1,2";
				TEST_TARGET_NAME = "FlipperZero (iOS)";
			};
			name = Debug;
		};
		F0DBFA5324EF2F9900EB2880 /* Release */ = {
			isa = XCBuildConfiguration;
			buildSettings = {
				ALWAYS_EMBED_SWIFT_STANDARD_LIBRARIES = YES;
				CODE_SIGN_STYLE = Automatic;
				INFOPLIST_FILE = "Tests iOS/Info.plist";
				IPHONEOS_DEPLOYMENT_TARGET = 14.0;
				LD_RUNPATH_SEARCH_PATHS = (
					"$(inherited)",
					"@executable_path/Frameworks",
					"@loader_path/Frameworks",
				);
				PRODUCT_BUNDLE_IDENTIFIER = "Flipper.Tests-iOS";
				PRODUCT_NAME = "$(TARGET_NAME)";
				SDKROOT = iphoneos;
				SWIFT_VERSION = 5.0;
				TARGETED_DEVICE_FAMILY = "1,2";
				TEST_TARGET_NAME = "FlipperZero (iOS)";
				VALIDATE_PRODUCT = YES;
			};
			name = Release;
		};
		F0DBFA5524EF2F9900EB2880 /* Debug */ = {
			isa = XCBuildConfiguration;
			buildSettings = {
				ALWAYS_EMBED_SWIFT_STANDARD_LIBRARIES = YES;
				CODE_SIGN_STYLE = Automatic;
				COMBINE_HIDPI_IMAGES = YES;
				INFOPLIST_FILE = "Tests macOS/Info.plist";
				LD_RUNPATH_SEARCH_PATHS = (
					"$(inherited)",
					"@executable_path/../Frameworks",
					"@loader_path/../Frameworks",
				);
				MACOSX_DEPLOYMENT_TARGET = 10.15;
				PRODUCT_BUNDLE_IDENTIFIER = "Flipper.Tests-macOS";
				PRODUCT_NAME = "$(TARGET_NAME)";
				SDKROOT = macosx;
				SWIFT_VERSION = 5.0;
				TEST_TARGET_NAME = "FlipperZero (macOS)";
			};
			name = Debug;
		};
		F0DBFA5624EF2F9900EB2880 /* Release */ = {
			isa = XCBuildConfiguration;
			buildSettings = {
				ALWAYS_EMBED_SWIFT_STANDARD_LIBRARIES = YES;
				CODE_SIGN_STYLE = Automatic;
				COMBINE_HIDPI_IMAGES = YES;
				INFOPLIST_FILE = "Tests macOS/Info.plist";
				LD_RUNPATH_SEARCH_PATHS = (
					"$(inherited)",
					"@executable_path/../Frameworks",
					"@loader_path/../Frameworks",
				);
				MACOSX_DEPLOYMENT_TARGET = 10.15;
				PRODUCT_BUNDLE_IDENTIFIER = "Flipper.Tests-macOS";
				PRODUCT_NAME = "$(TARGET_NAME)";
				SDKROOT = macosx;
				SWIFT_VERSION = 5.0;
				TEST_TARGET_NAME = "FlipperZero (macOS)";
			};
			name = Release;
		};
/* End XCBuildConfiguration section */

/* Begin XCConfigurationList section */
		F0DBFA1824EF2F9600EB2880 /* Build configuration list for PBXProject "FlipperZero" */ = {
			isa = XCConfigurationList;
			buildConfigurations = (
				F0DBFA4924EF2F9900EB2880 /* Debug */,
				F0DBFA4A24EF2F9900EB2880 /* Release */,
			);
			defaultConfigurationIsVisible = 0;
			defaultConfigurationName = Release;
		};
		F0DBFA4B24EF2F9900EB2880 /* Build configuration list for PBXNativeTarget "FlipperZero(iOS)" */ = {
			isa = XCConfigurationList;
			buildConfigurations = (
				F0DBFA4C24EF2F9900EB2880 /* Debug */,
				F0DBFA4D24EF2F9900EB2880 /* Release */,
			);
			defaultConfigurationIsVisible = 0;
			defaultConfigurationName = Release;
		};
		F0DBFA4E24EF2F9900EB2880 /* Build configuration list for PBXNativeTarget "FlipperZero(macOS)" */ = {
			isa = XCConfigurationList;
			buildConfigurations = (
				F0DBFA4F24EF2F9900EB2880 /* Debug */,
				F0DBFA5024EF2F9900EB2880 /* Release */,
			);
			defaultConfigurationIsVisible = 0;
			defaultConfigurationName = Release;
		};
		F0DBFA5124EF2F9900EB2880 /* Build configuration list for PBXNativeTarget "Tests iOS" */ = {
			isa = XCConfigurationList;
			buildConfigurations = (
				F0DBFA5224EF2F9900EB2880 /* Debug */,
				F0DBFA5324EF2F9900EB2880 /* Release */,
			);
			defaultConfigurationIsVisible = 0;
			defaultConfigurationName = Release;
		};
		F0DBFA5424EF2F9900EB2880 /* Build configuration list for PBXNativeTarget "Tests macOS" */ = {
			isa = XCConfigurationList;
			buildConfigurations = (
				F0DBFA5524EF2F9900EB2880 /* Debug */,
				F0DBFA5624EF2F9900EB2880 /* Release */,
			);
			defaultConfigurationIsVisible = 0;
			defaultConfigurationName = Release;
		};
/* End XCConfigurationList section */
	};
	rootObject = F0DBFA1524EF2F9600EB2880 /* Project object */;
}
