// !$*UTF8*$!
{
	archiveVersion = 1;
	classes = {
	};
	objectVersion = 52;
	objects = {

/* Begin PBXBuildFile section */
		498305C32527FEE900B04AFD /* HelvetiPixel.ttf in Resources */ = {isa = PBXBuildFile; fileRef = 498305C12527FEE900B04AFD /* HelvetiPixel.ttf */; };
		498305C52527FEE900B04AFD /* Born2bSportyV2.ttf in Resources */ = {isa = PBXBuildFile; fileRef = 498305C22527FEE900B04AFD /* Born2bSportyV2.ttf */; };
		49CE8F9E25262E2300B9CBE4 /* LaunchScreen.storyboard in Resources */ = {isa = PBXBuildFile; fileRef = 49CE8F9D25262E2300B9CBE4 /* LaunchScreen.storyboard */; };
		8B7064CC26E27429006CB4A8 /* UI in Frameworks */ = {isa = PBXBuildFile; productRef = 8B7064CB26E27429006CB4A8 /* UI */; };
		8B77A9CD26CAA43300A3DF9F /* Core in Frameworks */ = {isa = PBXBuildFile; productRef = 8B77A9CC26CAA43300A3DF9F /* Core */; };
		8BA57EF5273AB4C500A3A33B /* nfc.png in Resources */ = {isa = PBXBuildFile; fileRef = 8BA57EF0273AB4C500A3A33B /* nfc.png */; };
		8BA57EF6273AB4C500A3A33B /* subhz.png in Resources */ = {isa = PBXBuildFile; fileRef = 8BA57EF1273AB4C500A3A33B /* subhz.png */; };
		8BA57EF7273AB4C500A3A33B /* ibutton.png in Resources */ = {isa = PBXBuildFile; fileRef = 8BA57EF2273AB4C500A3A33B /* ibutton.png */; };
		8BA57EF8273AB4C500A3A33B /* irda.png in Resources */ = {isa = PBXBuildFile; fileRef = 8BA57EF3273AB4C500A3A33B /* irda.png */; };
		8BA57EF9273AB4C500A3A33B /* rfid.png in Resources */ = {isa = PBXBuildFile; fileRef = 8BA57EF4273AB4C500A3A33B /* rfid.png */; };
		F0DBFA4324EF2F9900EB2880 /* FlipperZeroApp.swift in Sources */ = {isa = PBXBuildFile; fileRef = F0DBFA1A24EF2F9600EB2880 /* FlipperZeroApp.swift */; };
		F0DBFA4724EF2F9900EB2880 /* Assets.xcassets in Resources */ = {isa = PBXBuildFile; fileRef = F0DBFA1C24EF2F9900EB2880 /* Assets.xcassets */; };
/* End PBXBuildFile section */

/* Begin PBXCopyFilesBuildPhase section */
		44A5B5B624F05FCE009EE7FB /* Embed Frameworks */ = {
			isa = PBXCopyFilesBuildPhase;
			buildActionMask = 2147483647;
			dstPath = "";
			dstSubfolderSpec = 10;
			files = (
			);
			name = "Embed Frameworks";
			runOnlyForDeploymentPostprocessing = 0;
		};
/* End PBXCopyFilesBuildPhase section */

/* Begin PBXFileReference section */
		44A5B59224F05647009EE7FB /* iOS.entitlements */ = {isa = PBXFileReference; lastKnownFileType = text.plist.entitlements; path = iOS.entitlements; sourceTree = "<group>"; };
		498305C12527FEE900B04AFD /* HelvetiPixel.ttf */ = {isa = PBXFileReference; lastKnownFileType = file; path = HelvetiPixel.ttf; sourceTree = "<group>"; };
		498305C22527FEE900B04AFD /* Born2bSportyV2.ttf */ = {isa = PBXFileReference; lastKnownFileType = file; path = Born2bSportyV2.ttf; sourceTree = "<group>"; };
		49CE8F9D25262E2300B9CBE4 /* LaunchScreen.storyboard */ = {isa = PBXFileReference; lastKnownFileType = file.storyboard; path = LaunchScreen.storyboard; sourceTree = "<group>"; };
		8B7064CA26E2732E006CB4A8 /* UI */ = {isa = PBXFileReference; lastKnownFileType = folder; path = UI; sourceTree = "<group>"; };
		8B77A9C726CAA3BA00A3DF9F /* Core */ = {isa = PBXFileReference; lastKnownFileType = folder; path = Core; sourceTree = "<group>"; };
		8BA57EF0273AB4C500A3A33B /* nfc.png */ = {isa = PBXFileReference; lastKnownFileType = image.png; path = nfc.png; sourceTree = "<group>"; };
		8BA57EF1273AB4C500A3A33B /* subhz.png */ = {isa = PBXFileReference; lastKnownFileType = image.png; path = subhz.png; sourceTree = "<group>"; };
		8BA57EF2273AB4C500A3A33B /* ibutton.png */ = {isa = PBXFileReference; lastKnownFileType = image.png; path = ibutton.png; sourceTree = "<group>"; };
		8BA57EF3273AB4C500A3A33B /* irda.png */ = {isa = PBXFileReference; lastKnownFileType = image.png; path = irda.png; sourceTree = "<group>"; };
		8BA57EF4273AB4C500A3A33B /* rfid.png */ = {isa = PBXFileReference; lastKnownFileType = image.png; path = rfid.png; sourceTree = "<group>"; };
		8BEB7C8826E1432600AA9356 /* DI */ = {isa = PBXFileReference; lastKnownFileType = folder; path = DI; sourceTree = "<group>"; };
		8BED613A270B61CA009E51E2 /* .swiftlint.yml */ = {isa = PBXFileReference; lastKnownFileType = text.yaml; name = .swiftlint.yml; path = Core/.swiftlint.yml; sourceTree = "<group>"; };
		8BED6140270B6272009E51E2 /* .swiftlint.yml */ = {isa = PBXFileReference; lastKnownFileType = text.yaml; name = .swiftlint.yml; path = Core/Sources/Protobuf/.swiftlint.yml; sourceTree = "<group>"; };
		8BED6141270B629D009E51E2 /* .swiftlint.yml */ = {isa = PBXFileReference; lastKnownFileType = text.yaml; name = .swiftlint.yml; path = DI/.swiftlint.yml; sourceTree = "<group>"; };
		8BED6142270B62C4009E51E2 /* .swiftlint.yml */ = {isa = PBXFileReference; lastKnownFileType = text.yaml; name = .swiftlint.yml; path = UI/.swiftlint.yml; sourceTree = "<group>"; };
		8BED6143270B66D8009E51E2 /* perform_lint.sh */ = {isa = PBXFileReference; lastKnownFileType = text.script.sh; path = perform_lint.sh; sourceTree = "<group>"; };
		F0DBFA1A24EF2F9600EB2880 /* FlipperZeroApp.swift */ = {isa = PBXFileReference; lastKnownFileType = sourcecode.swift; path = FlipperZeroApp.swift; sourceTree = "<group>"; };
		F0DBFA1C24EF2F9900EB2880 /* Assets.xcassets */ = {isa = PBXFileReference; lastKnownFileType = folder.assetcatalog; path = Assets.xcassets; sourceTree = "<group>"; };
		F0DBFA2124EF2F9900EB2880 /* FlipperZero.app */ = {isa = PBXFileReference; explicitFileType = wrapper.application; includeInIndex = 0; path = FlipperZero.app; sourceTree = BUILT_PRODUCTS_DIR; };
		F0DBFA2424EF2F9900EB2880 /* Info.plist */ = {isa = PBXFileReference; lastKnownFileType = text.plist.xml; path = Info.plist; sourceTree = "<group>"; };
/* End PBXFileReference section */

/* Begin PBXFrameworksBuildPhase section */
		F0DBFA1E24EF2F9900EB2880 /* Frameworks */ = {
			isa = PBXFrameworksBuildPhase;
			buildActionMask = 2147483647;
			files = (
				8B7064CC26E27429006CB4A8 /* UI in Frameworks */,
				8B77A9CD26CAA43300A3DF9F /* Core in Frameworks */,
			);
			runOnlyForDeploymentPostprocessing = 0;
		};
/* End PBXFrameworksBuildPhase section */

/* Begin PBXGroup section */
		44A5B5B124F05FCE009EE7FB /* Frameworks */ = {
			isa = PBXGroup;
			children = (
			);
			name = Frameworks;
			sourceTree = "<group>";
		};
		498305C02527FE9E00B04AFD /* Fonts */ = {
			isa = PBXGroup;
			children = (
				498305C22527FEE900B04AFD /* Born2bSportyV2.ttf */,
				498305C12527FEE900B04AFD /* HelvetiPixel.ttf */,
			);
			path = Fonts;
			sourceTree = "<group>";
		};
		8B77A9C626CAA3BA00A3DF9F /* Packages */ = {
			isa = PBXGroup;
			children = (
				8B77A9C726CAA3BA00A3DF9F /* Core */,
				8BEB7C8826E1432600AA9356 /* DI */,
				8B7064CA26E2732E006CB4A8 /* UI */,
			);
			name = Packages;
			sourceTree = "<group>";
		};
		8BA57ED9273AA05900A3A33B /* FileIcons */ = {
			isa = PBXGroup;
			children = (
				8BA57EF2273AB4C500A3A33B /* ibutton.png */,
				8BA57EF3273AB4C500A3A33B /* irda.png */,
				8BA57EF0273AB4C500A3A33B /* nfc.png */,
				8BA57EF4273AB4C500A3A33B /* rfid.png */,
				8BA57EF1273AB4C500A3A33B /* subhz.png */,
			);
			path = FileIcons;
			sourceTree = "<group>";
		};
		8BED6139270B617B009E51E2 /* SwiftLint */ = {
			isa = PBXGroup;
			children = (
				8BED613E270B6202009E51E2 /* UI */,
				8BED613C270B61EE009E51E2 /* Core */,
				8BED613D270B61F7009E51E2 /* Injector */,
				8BED6143270B66D8009E51E2 /* perform_lint.sh */,
			);
			name = SwiftLint;
			sourceTree = "<group>";
		};
		8BED613C270B61EE009E51E2 /* Core */ = {
			isa = PBXGroup;
			children = (
				8BED613F270B6258009E51E2 /* Protobuf */,
				8BED613A270B61CA009E51E2 /* .swiftlint.yml */,
			);
			name = Core;
			sourceTree = "<group>";
		};
		8BED613D270B61F7009E51E2 /* Injector */ = {
			isa = PBXGroup;
			children = (
				8BED6141270B629D009E51E2 /* .swiftlint.yml */,
			);
			name = Injector;
			sourceTree = "<group>";
		};
		8BED613E270B6202009E51E2 /* UI */ = {
			isa = PBXGroup;
			children = (
				8BED6142270B62C4009E51E2 /* .swiftlint.yml */,
			);
			name = UI;
			sourceTree = "<group>";
		};
		8BED613F270B6258009E51E2 /* Protobuf */ = {
			isa = PBXGroup;
			children = (
				8BED6140270B6272009E51E2 /* .swiftlint.yml */,
			);
			name = Protobuf;
			sourceTree = "<group>";
		};
		F0DBFA1424EF2F9600EB2880 = {
			isa = PBXGroup;
			children = (
				8B77A9C626CAA3BA00A3DF9F /* Packages */,
				F0DBFA2324EF2F9900EB2880 /* iOS */,
				F0DBFA1924EF2F9600EB2880 /* Shared */,
				8BED6139270B617B009E51E2 /* SwiftLint */,
				F0DBFA2224EF2F9900EB2880 /* Products */,
				44A5B5B124F05FCE009EE7FB /* Frameworks */,
			);
			sourceTree = "<group>";
		};
		F0DBFA1924EF2F9600EB2880 /* Shared */ = {
			isa = PBXGroup;
			children = (
				F0DBFA1A24EF2F9600EB2880 /* FlipperZeroApp.swift */,
				F0DBFA1C24EF2F9900EB2880 /* Assets.xcassets */,
				498305C02527FE9E00B04AFD /* Fonts */,
			);
			path = Shared;
			sourceTree = "<group>";
		};
		F0DBFA2224EF2F9900EB2880 /* Products */ = {
			isa = PBXGroup;
			children = (
				F0DBFA2124EF2F9900EB2880 /* FlipperZero.app */,
			);
			name = Products;
			sourceTree = "<group>";
		};
		F0DBFA2324EF2F9900EB2880 /* iOS */ = {
			isa = PBXGroup;
			children = (
				8BA57ED9273AA05900A3A33B /* FileIcons */,
				F0DBFA2424EF2F9900EB2880 /* Info.plist */,
				44A5B59224F05647009EE7FB /* iOS.entitlements */,
				49CE8F9D25262E2300B9CBE4 /* LaunchScreen.storyboard */,
			);
			path = iOS;
			sourceTree = "<group>";
		};
/* End PBXGroup section */

/* Begin PBXNativeTarget section */
		F0DBFA2024EF2F9900EB2880 /* FlipperZero(iOS) */ = {
			isa = PBXNativeTarget;
			buildConfigurationList = F0DBFA4B24EF2F9900EB2880 /* Build configuration list for PBXNativeTarget "FlipperZero(iOS)" */;
			buildPhases = (
				49CE8F942525E73200B9CBE4 /* Check code with SwiftLint */,
				F0DBFA1D24EF2F9900EB2880 /* Sources */,
				F0DBFA1E24EF2F9900EB2880 /* Frameworks */,
				F0DBFA1F24EF2F9900EB2880 /* Resources */,
				44A5B5B624F05FCE009EE7FB /* Embed Frameworks */,
			);
			buildRules = (
			);
			dependencies = (
			);
			name = "FlipperZero(iOS)";
			packageProductDependencies = (
				8B77A9CC26CAA43300A3DF9F /* Core */,
				8B7064CB26E27429006CB4A8 /* UI */,
			);
			productName = "FlipperZero (iOS)";
			productReference = F0DBFA2124EF2F9900EB2880 /* FlipperZero.app */;
			productType = "com.apple.product-type.application";
		};
/* End PBXNativeTarget section */

/* Begin PBXProject section */
		F0DBFA1524EF2F9600EB2880 /* Project object */ = {
			isa = PBXProject;
			attributes = {
				LastSwiftUpdateCheck = 1200;
				LastUpgradeCheck = 1200;
				TargetAttributes = {
					F0DBFA2024EF2F9900EB2880 = {
						CreatedOnToolsVersion = 12.0;
					};
				};
			};
			buildConfigurationList = F0DBFA1824EF2F9600EB2880 /* Build configuration list for PBXProject "FlipperZero" */;
			compatibilityVersion = "Xcode 9.3";
			developmentRegion = en;
			hasScannedForEncodings = 0;
			knownRegions = (
				en,
				Base,
			);
			mainGroup = F0DBFA1424EF2F9600EB2880;
			productRefGroup = F0DBFA2224EF2F9900EB2880 /* Products */;
			projectDirPath = "";
			projectRoot = "";
			targets = (
				F0DBFA2024EF2F9900EB2880 /* FlipperZero(iOS) */,
			);
		};
/* End PBXProject section */

/* Begin PBXResourcesBuildPhase section */
		F0DBFA1F24EF2F9900EB2880 /* Resources */ = {
			isa = PBXResourcesBuildPhase;
			buildActionMask = 2147483647;
			files = (
				498305C52527FEE900B04AFD /* Born2bSportyV2.ttf in Resources */,
				8BA57EF7273AB4C500A3A33B /* ibutton.png in Resources */,
				8BA57EF9273AB4C500A3A33B /* rfid.png in Resources */,
				498305C32527FEE900B04AFD /* HelvetiPixel.ttf in Resources */,
				8BA57EF8273AB4C500A3A33B /* irda.png in Resources */,
				49CE8F9E25262E2300B9CBE4 /* LaunchScreen.storyboard in Resources */,
				8BA57EF5273AB4C500A3A33B /* nfc.png in Resources */,
				8BA57EF6273AB4C500A3A33B /* subhz.png in Resources */,
				F0DBFA4724EF2F9900EB2880 /* Assets.xcassets in Resources */,
			);
			runOnlyForDeploymentPostprocessing = 0;
		};
/* End PBXResourcesBuildPhase section */

/* Begin PBXShellScriptBuildPhase section */
		49CE8F942525E73200B9CBE4 /* Check code with SwiftLint */ = {
			isa = PBXShellScriptBuildPhase;
			buildActionMask = 2147483647;
			files = (
			);
			inputFileListPaths = (
			);
			inputPaths = (
			);
			name = "Check code with SwiftLint";
			outputFileListPaths = (
			);
			outputPaths = (
			);
			runOnlyForDeploymentPostprocessing = 0;
			shellPath = /bin/sh;
			shellScript = "# Initiate lint\n${PROJECT_DIR}/perform_lint.sh\n";
		};
/* End PBXShellScriptBuildPhase section */

/* Begin PBXSourcesBuildPhase section */
		F0DBFA1D24EF2F9900EB2880 /* Sources */ = {
			isa = PBXSourcesBuildPhase;
			buildActionMask = 2147483647;
			files = (
				F0DBFA4324EF2F9900EB2880 /* FlipperZeroApp.swift in Sources */,
			);
			runOnlyForDeploymentPostprocessing = 0;
		};
/* End PBXSourcesBuildPhase section */

/* Begin XCBuildConfiguration section */
		F0DBFA4924EF2F9900EB2880 /* Debug */ = {
			isa = XCBuildConfiguration;
			buildSettings = {
				ALWAYS_SEARCH_USER_PATHS = NO;
				CLANG_ANALYZER_NONNULL = YES;
				CLANG_ANALYZER_NUMBER_OBJECT_CONVERSION = YES_AGGRESSIVE;
				CLANG_CXX_LANGUAGE_STANDARD = "gnu++14";
				CLANG_CXX_LIBRARY = "libc++";
				CLANG_ENABLE_MODULES = YES;
				CLANG_ENABLE_OBJC_ARC = YES;
				CLANG_ENABLE_OBJC_WEAK = YES;
				CLANG_WARN_BLOCK_CAPTURE_AUTORELEASING = YES;
				CLANG_WARN_BOOL_CONVERSION = YES;
				CLANG_WARN_COMMA = YES;
				CLANG_WARN_CONSTANT_CONVERSION = YES;
				CLANG_WARN_DEPRECATED_OBJC_IMPLEMENTATIONS = YES;
				CLANG_WARN_DIRECT_OBJC_ISA_USAGE = YES_ERROR;
				CLANG_WARN_DOCUMENTATION_COMMENTS = YES;
				CLANG_WARN_EMPTY_BODY = YES;
				CLANG_WARN_ENUM_CONVERSION = YES;
				CLANG_WARN_INFINITE_RECURSION = YES;
				CLANG_WARN_INT_CONVERSION = YES;
				CLANG_WARN_NON_LITERAL_NULL_CONVERSION = YES;
				CLANG_WARN_OBJC_IMPLICIT_RETAIN_SELF = YES;
				CLANG_WARN_OBJC_LITERAL_CONVERSION = YES;
				CLANG_WARN_OBJC_ROOT_CLASS = YES_ERROR;
				CLANG_WARN_QUOTED_INCLUDE_IN_FRAMEWORK_HEADER = YES;
				CLANG_WARN_RANGE_LOOP_ANALYSIS = YES;
				CLANG_WARN_STRICT_PROTOTYPES = YES;
				CLANG_WARN_SUSPICIOUS_MOVE = YES;
				CLANG_WARN_UNGUARDED_AVAILABILITY = YES_AGGRESSIVE;
				CLANG_WARN_UNREACHABLE_CODE = YES;
				CLANG_WARN__DUPLICATE_METHOD_MATCH = YES;
				COPY_PHASE_STRIP = NO;
				DEBUG_INFORMATION_FORMAT = dwarf;
				ENABLE_STRICT_OBJC_MSGSEND = YES;
				ENABLE_TESTABILITY = YES;
				GCC_C_LANGUAGE_STANDARD = gnu11;
				GCC_DYNAMIC_NO_PIC = NO;
				GCC_NO_COMMON_BLOCKS = YES;
				GCC_OPTIMIZATION_LEVEL = 0;
				GCC_PREPROCESSOR_DEFINITIONS = (
					"DEBUG=1",
					"$(inherited)",
				);
				GCC_WARN_64_TO_32_BIT_CONVERSION = YES;
				GCC_WARN_ABOUT_RETURN_TYPE = YES_ERROR;
				GCC_WARN_UNDECLARED_SELECTOR = YES;
				GCC_WARN_UNINITIALIZED_AUTOS = YES_AGGRESSIVE;
				GCC_WARN_UNUSED_FUNCTION = YES;
				GCC_WARN_UNUSED_VARIABLE = YES;
				IPHONEOS_DEPLOYMENT_TARGET = 14.0;
				MACOSX_DEPLOYMENT_TARGET = 11.0;
				MTL_ENABLE_DEBUG_INFO = INCLUDE_SOURCE;
				MTL_FAST_MATH = YES;
				ONLY_ACTIVE_ARCH = YES;
				SUPPORTED_PLATFORMS = "iphonesimulator iphoneos macosx";
				SWIFT_ACTIVE_COMPILATION_CONDITIONS = DEBUG;
				SWIFT_OPTIMIZATION_LEVEL = "-Onone";
			};
			name = Debug;
		};
		F0DBFA4A24EF2F9900EB2880 /* Release */ = {
			isa = XCBuildConfiguration;
			buildSettings = {
				ALWAYS_SEARCH_USER_PATHS = NO;
				CLANG_ANALYZER_NONNULL = YES;
				CLANG_ANALYZER_NUMBER_OBJECT_CONVERSION = YES_AGGRESSIVE;
				CLANG_CXX_LANGUAGE_STANDARD = "gnu++14";
				CLANG_CXX_LIBRARY = "libc++";
				CLANG_ENABLE_MODULES = YES;
				CLANG_ENABLE_OBJC_ARC = YES;
				CLANG_ENABLE_OBJC_WEAK = YES;
				CLANG_WARN_BLOCK_CAPTURE_AUTORELEASING = YES;
				CLANG_WARN_BOOL_CONVERSION = YES;
				CLANG_WARN_COMMA = YES;
				CLANG_WARN_CONSTANT_CONVERSION = YES;
				CLANG_WARN_DEPRECATED_OBJC_IMPLEMENTATIONS = YES;
				CLANG_WARN_DIRECT_OBJC_ISA_USAGE = YES_ERROR;
				CLANG_WARN_DOCUMENTATION_COMMENTS = YES;
				CLANG_WARN_EMPTY_BODY = YES;
				CLANG_WARN_ENUM_CONVERSION = YES;
				CLANG_WARN_INFINITE_RECURSION = YES;
				CLANG_WARN_INT_CONVERSION = YES;
				CLANG_WARN_NON_LITERAL_NULL_CONVERSION = YES;
				CLANG_WARN_OBJC_IMPLICIT_RETAIN_SELF = YES;
				CLANG_WARN_OBJC_LITERAL_CONVERSION = YES;
				CLANG_WARN_OBJC_ROOT_CLASS = YES_ERROR;
				CLANG_WARN_QUOTED_INCLUDE_IN_FRAMEWORK_HEADER = YES;
				CLANG_WARN_RANGE_LOOP_ANALYSIS = YES;
				CLANG_WARN_STRICT_PROTOTYPES = YES;
				CLANG_WARN_SUSPICIOUS_MOVE = YES;
				CLANG_WARN_UNGUARDED_AVAILABILITY = YES_AGGRESSIVE;
				CLANG_WARN_UNREACHABLE_CODE = YES;
				CLANG_WARN__DUPLICATE_METHOD_MATCH = YES;
				COPY_PHASE_STRIP = NO;
				DEBUG_INFORMATION_FORMAT = "dwarf-with-dsym";
				ENABLE_NS_ASSERTIONS = NO;
				ENABLE_STRICT_OBJC_MSGSEND = YES;
				GCC_C_LANGUAGE_STANDARD = gnu11;
				GCC_NO_COMMON_BLOCKS = YES;
				GCC_WARN_64_TO_32_BIT_CONVERSION = YES;
				GCC_WARN_ABOUT_RETURN_TYPE = YES_ERROR;
				GCC_WARN_UNDECLARED_SELECTOR = YES;
				GCC_WARN_UNINITIALIZED_AUTOS = YES_AGGRESSIVE;
				GCC_WARN_UNUSED_FUNCTION = YES;
				GCC_WARN_UNUSED_VARIABLE = YES;
				IPHONEOS_DEPLOYMENT_TARGET = 14.0;
				MACOSX_DEPLOYMENT_TARGET = 11.0;
				MTL_ENABLE_DEBUG_INFO = NO;
				MTL_FAST_MATH = YES;
				SUPPORTED_PLATFORMS = "iphonesimulator iphoneos macosx";
				SWIFT_COMPILATION_MODE = wholemodule;
				SWIFT_OPTIMIZATION_LEVEL = "-O";
			};
			name = Release;
		};
		F0DBFA4C24EF2F9900EB2880 /* Debug */ = {
			isa = XCBuildConfiguration;
			buildSettings = {
				ASSETCATALOG_COMPILER_APPICON_NAME = AppIcon;
				ASSETCATALOG_COMPILER_GLOBAL_ACCENT_COLOR_NAME = AccentColor;
				CODE_SIGN_ENTITLEMENTS = iOS/iOS.entitlements;
				CODE_SIGN_STYLE = Automatic;
				CURRENT_PROJECT_VERSION = 33;
				DEVELOPMENT_TEAM = SXH69675TZ;
				ENABLE_PREVIEWS = YES;
				INFOPLIST_FILE = iOS/Info.plist;
				LD_RUNPATH_SEARCH_PATHS = (
					"$(inherited)",
					"@executable_path/Frameworks",
				);
				MARKETING_VERSION = 0.1.1;
				PRODUCT_BUNDLE_IDENTIFIER = com.flipperdevices.main;
				PRODUCT_NAME = FlipperZero;
				SDKROOT = iphoneos;
				SUPPORTED_PLATFORMS = "iphonesimulator iphoneos";
				SUPPORTS_MACCATALYST = NO;
				SWIFT_VERSION = 5.0;
				TARGETED_DEVICE_FAMILY = "1,6";
			};
			name = Debug;
		};
		F0DBFA4D24EF2F9900EB2880 /* Release */ = {
			isa = XCBuildConfiguration;
			buildSettings = {
				ASSETCATALOG_COMPILER_APPICON_NAME = AppIcon;
				ASSETCATALOG_COMPILER_GLOBAL_ACCENT_COLOR_NAME = AccentColor;
				CODE_SIGN_ENTITLEMENTS = iOS/iOS.entitlements;
				CODE_SIGN_STYLE = Automatic;
				CURRENT_PROJECT_VERSION = 33;
				DEVELOPMENT_TEAM = SXH69675TZ;
				ENABLE_PREVIEWS = YES;
				INFOPLIST_FILE = iOS/Info.plist;
				LD_RUNPATH_SEARCH_PATHS = (
					"$(inherited)",
					"@executable_path/Frameworks",
				);
				MARKETING_VERSION = 0.1.1;
				PRODUCT_BUNDLE_IDENTIFIER = com.flipperdevices.main;
				PRODUCT_NAME = FlipperZero;
				SDKROOT = iphoneos;
				SUPPORTED_PLATFORMS = "iphonesimulator iphoneos";
				SUPPORTS_MACCATALYST = NO;
				SWIFT_VERSION = 5.0;
				TARGETED_DEVICE_FAMILY = "1,6";
				VALIDATE_PRODUCT = YES;
			};
			name = Release;
		};
/* End XCBuildConfiguration section */

/* Begin XCConfigurationList section */
		F0DBFA1824EF2F9600EB2880 /* Build configuration list for PBXProject "FlipperZero" */ = {
			isa = XCConfigurationList;
			buildConfigurations = (
				F0DBFA4924EF2F9900EB2880 /* Debug */,
				F0DBFA4A24EF2F9900EB2880 /* Release */,
			);
			defaultConfigurationIsVisible = 0;
			defaultConfigurationName = Release;
		};
		F0DBFA4B24EF2F9900EB2880 /* Build configuration list for PBXNativeTarget "FlipperZero(iOS)" */ = {
			isa = XCConfigurationList;
			buildConfigurations = (
				F0DBFA4C24EF2F9900EB2880 /* Debug */,
				F0DBFA4D24EF2F9900EB2880 /* Release */,
			);
			defaultConfigurationIsVisible = 0;
			defaultConfigurationName = Release;
		};
/* End XCConfigurationList section */

/* Begin XCSwiftPackageProductDependency section */
		8B7064CB26E27429006CB4A8 /* UI */ = {
			isa = XCSwiftPackageProductDependency;
			productName = UI;
		};
		8B77A9CC26CAA43300A3DF9F /* Core */ = {
			isa = XCSwiftPackageProductDependency;
			productName = Core;
		};
/* End XCSwiftPackageProductDependency section */
	};
	rootObject = F0DBFA1524EF2F9600EB2880 /* Project object */;
}
